
Microsoft Visual Studio Solution File, Format Version 12.00
# Visual Studio Version 17
VisualStudioVersion = 17.6.33815.320
MinimumVisualStudioVersion = 10.0.40219.1
Project("{2150E333-8FDC-42A3-9474-1A3956D46DE8}") = "Engine", "Engine", "{DEA94737-EA81-41EA-841F-9A959A90F26B}"
EndProject
Project("{2150E333-8FDC-42A3-9474-1A3956D46DE8}") = "Framework", "Framework", "{43065273-F74F-4529-A8FF-0DEA004ECDE7}"
EndProject
Project("{8BC9CEB8-8B4A-11D0-8D11-00A0C91BC942}") = "EngineD", "Engine\EngineD\EngineD.vcxproj", "{8C2FA245-7574-4007-B6FA-698F202ADE74}"
EndProject
Project("{2150E333-8FDC-42A3-9474-1A3956D46DE8}") = "VSProps", "VSProps", "{6F61B328-E151-49DA-A38F-4796B6E0B25F}"
	ProjectSection(SolutionItems) = preProject
		VSProps\EngineD.props = VSProps\EngineD.props
		VSProps\EngineLib.props = VSProps\EngineLib.props
		VSProps\FrameworkLib.props = VSProps\FrameworkLib.props
	EndProjectSection
EndProject
Project("{2150E333-8FDC-42A3-9474-1A3956D46DE8}") = "Common", "Common", "{933FB78A-16DB-4A89-A4D7-7B6045723F9E}"
	ProjectSection(SolutionItems) = preProject
		VSProps\Common\Common.props = VSProps\Common\Common.props
		VSProps\Common\Library.props = VSProps\Common\Library.props
	EndProjectSection
EndProject
Project("{8BC9CEB8-8B4A-11D0-8D11-00A0C91BC942}") = "Core", "Framework\Core\Core.vcxproj", "{F49F0859-CEB8-484F-ADC4-996BE6E052A0}"
EndProject
Project("{2150E333-8FDC-42A3-9474-1A3956D46DE8}") = "VGP242", "VGP242", "{E9EDD95A-89E9-4D5F-9EF3-774D9A1DE026}"
EndProject
Project("{8BC9CEB8-8B4A-11D0-8D11-00A0C91BC942}") = "01_HelloWindow", "VGP242\01_HelloWindow\01_HelloWindow.vcxproj", "{4A6AEE64-3E97-4567-AAC0-7935735AB1D2}"
EndProject
Project("{8BC9CEB8-8B4A-11D0-8D11-00A0C91BC942}") = "Math", "Framework\Math\Math.vcxproj", "{00BE117A-5C49-4702-AD66-9FCC6DED22A8}"
EndProject
Project("{8BC9CEB8-8B4A-11D0-8D11-00A0C91BC942}") = "Graphics", "Framework\Graphics\Graphics.vcxproj", "{EE51951E-B2F8-4D7F-843F-3B74B566522A}"
EndProject
Project("{2150E333-8FDC-42A3-9474-1A3956D46DE8}") = "External", "External", "{AE34D983-CCFF-419E-9D32-821451C1ADFB}"
EndProject
Project("{8BC9CEB8-8B4A-11D0-8D11-00A0C91BC942}") = "DirectXTK_Desktop_2019", "External\DirectXTK\DirectXTK_Desktop_2019.vcxproj", "{E0B52AE7-E160-4D32-BF3F-910B785E5A8E}"
EndProject
Project("{8BC9CEB8-8B4A-11D0-8D11-00A0C91BC942}") = "02_HelloShape", "VGP242\02_HelloShape\02_HelloShape.vcxproj", "{A1EA67E6-8967-4DCA-9D1C-52B00C7084F8}"
EndProject
Project("{8BC9CEB8-8B4A-11D0-8D11-00A0C91BC942}") = "Input", "Framework\Input\Input.vcxproj", "{3629F01A-6FED-42EB-B308-E9F7F1346EAF}"
EndProject
Project("{2150E333-8FDC-42A3-9474-1A3956D46DE8}") = "GL", "GL", "{07F06C74-A2F1-420D-B400-32D34A805743}"
EndProject
Project("{2150E333-8FDC-42A3-9474-1A3956D46DE8}") = "Assets", "Assets", "{D9D8D486-0FA1-42F7-A71E-4951FF0C3538}"
EndProject
Project("{2150E333-8FDC-42A3-9474-1A3956D46DE8}") = "Shaders", "Shaders", "{F3CEE0F4-B858-4FB1-8A12-F91132ADF5D6}"
	ProjectSection(SolutionItems) = preProject
		Assets\Shaders\DoSomething.fx = Assets\Shaders\DoSomething.fx
		Assets\Shaders\DoTexturing.fx = Assets\Shaders\DoTexturing.fx
		Assets\Shaders\DoTransform.fx = Assets\Shaders\DoTransform.fx
		Assets\Shaders\Standard.fx = Assets\Shaders\Standard.fx
	EndProjectSection
EndProject
Project("{8BC9CEB8-8B4A-11D0-8D11-00A0C91BC942}") = "03_HelloCube", "VGP242\03_HelloCube\03_HelloCube.vcxproj", "{03F1705D-FACF-4DBF-809C-9653AFA30DAD}"
EndProject
Project("{8BC9CEB8-8B4A-11D0-8D11-00A0C91BC942}") = "04_HelloMeshBuilder", "VGP242\04_HelloMeshBuilder\04_HelloMeshBuilder.vcxproj", "{0A8E13FF-43CB-4DE4-9838-D376E875ABB1}"
EndProject
Project("{8BC9CEB8-8B4A-11D0-8D11-00A0C91BC942}") = "05_HelloSimpleDraw", "VGP242\05_HelloSimpleDraw\05_HelloSimpleDraw.vcxproj", "{FDB02273-CC4D-4937-BF3B-EA29FED323DF}"
EndProject
Project("{8BC9CEB8-8B4A-11D0-8D11-00A0C91BC942}") = "ImGui", "External\ImGui\ImGui.vcxproj", "{52D656A2-A2F4-4C54-A3C7-653427BED1E8}"
EndProject
Project("{8BC9CEB8-8B4A-11D0-8D11-00A0C91BC942}") = "06_HelloImGui", "VGP242\06_HelloImGui\06_HelloImGui.vcxproj", "{B5BB35B5-EB36-4362-8657-4B6D57780D86}"
EndProject
Project("{8BC9CEB8-8B4A-11D0-8D11-00A0C91BC942}") = "242_Final", "VGP242\242_Final\242_Final.vcxproj", "{6ABA622B-96A6-4B34-B370-893F05A13DE5}"
EndProject
Project("{8BC9CEB8-8B4A-11D0-8D11-00A0C91BC942}") = "07_HelloRenderTarget", "VGP242\07_HelloRenderTarget\07_HelloRenderTarget.vcxproj", "{C0C77285-A124-4C79-B9D3-F74A52D3321D}"
EndProject
Project("{2150E333-8FDC-42A3-9474-1A3956D46DE8}") = "VGP330", "VGP330", "{9BCE20D1-8922-4477-8FAB-3AE145597ABF}"
EndProject
Project("{8BC9CEB8-8B4A-11D0-8D11-00A0C91BC942}") = "08_HelloLighting", "VGP330\08_HelloLighting\08_HelloLighting.vcxproj", "{2890129B-3267-4093-84EE-73B3E812AFFD}"
EndProject
Global
	GlobalSection(SolutionConfigurationPlatforms) = preSolution
		Debug|x64 = Debug|x64
		Debug|x86 = Debug|x86
		Release|x64 = Release|x64
		Release|x86 = Release|x86
	EndGlobalSection
	GlobalSection(ProjectConfigurationPlatforms) = postSolution
		{8C2FA245-7574-4007-B6FA-698F202ADE74}.Debug|x64.ActiveCfg = Debug|x64
		{8C2FA245-7574-4007-B6FA-698F202ADE74}.Debug|x64.Build.0 = Debug|x64
		{8C2FA245-7574-4007-B6FA-698F202ADE74}.Debug|x86.ActiveCfg = Debug|Win32
		{8C2FA245-7574-4007-B6FA-698F202ADE74}.Debug|x86.Build.0 = Debug|Win32
		{8C2FA245-7574-4007-B6FA-698F202ADE74}.Release|x64.ActiveCfg = Release|x64
		{8C2FA245-7574-4007-B6FA-698F202ADE74}.Release|x64.Build.0 = Release|x64
		{8C2FA245-7574-4007-B6FA-698F202ADE74}.Release|x86.ActiveCfg = Release|Win32
		{8C2FA245-7574-4007-B6FA-698F202ADE74}.Release|x86.Build.0 = Release|Win32
		{F49F0859-CEB8-484F-ADC4-996BE6E052A0}.Debug|x64.ActiveCfg = Debug|x64
		{F49F0859-CEB8-484F-ADC4-996BE6E052A0}.Debug|x64.Build.0 = Debug|x64
		{F49F0859-CEB8-484F-ADC4-996BE6E052A0}.Debug|x86.ActiveCfg = Debug|Win32
		{F49F0859-CEB8-484F-ADC4-996BE6E052A0}.Debug|x86.Build.0 = Debug|Win32
		{F49F0859-CEB8-484F-ADC4-996BE6E052A0}.Release|x64.ActiveCfg = Release|x64
		{F49F0859-CEB8-484F-ADC4-996BE6E052A0}.Release|x64.Build.0 = Release|x64
		{F49F0859-CEB8-484F-ADC4-996BE6E052A0}.Release|x86.ActiveCfg = Release|Win32
		{F49F0859-CEB8-484F-ADC4-996BE6E052A0}.Release|x86.Build.0 = Release|Win32
		{4A6AEE64-3E97-4567-AAC0-7935735AB1D2}.Debug|x64.ActiveCfg = Debug|x64
		{4A6AEE64-3E97-4567-AAC0-7935735AB1D2}.Debug|x64.Build.0 = Debug|x64
		{4A6AEE64-3E97-4567-AAC0-7935735AB1D2}.Debug|x86.ActiveCfg = Debug|Win32
		{4A6AEE64-3E97-4567-AAC0-7935735AB1D2}.Debug|x86.Build.0 = Debug|Win32
		{4A6AEE64-3E97-4567-AAC0-7935735AB1D2}.Release|x64.ActiveCfg = Release|x64
		{4A6AEE64-3E97-4567-AAC0-7935735AB1D2}.Release|x64.Build.0 = Release|x64
		{4A6AEE64-3E97-4567-AAC0-7935735AB1D2}.Release|x86.ActiveCfg = Release|Win32
		{4A6AEE64-3E97-4567-AAC0-7935735AB1D2}.Release|x86.Build.0 = Release|Win32
		{00BE117A-5C49-4702-AD66-9FCC6DED22A8}.Debug|x64.ActiveCfg = Debug|x64
		{00BE117A-5C49-4702-AD66-9FCC6DED22A8}.Debug|x64.Build.0 = Debug|x64
		{00BE117A-5C49-4702-AD66-9FCC6DED22A8}.Debug|x86.ActiveCfg = Debug|Win32
		{00BE117A-5C49-4702-AD66-9FCC6DED22A8}.Debug|x86.Build.0 = Debug|Win32
		{00BE117A-5C49-4702-AD66-9FCC6DED22A8}.Release|x64.ActiveCfg = Release|x64
		{00BE117A-5C49-4702-AD66-9FCC6DED22A8}.Release|x64.Build.0 = Release|x64
		{00BE117A-5C49-4702-AD66-9FCC6DED22A8}.Release|x86.ActiveCfg = Release|Win32
		{00BE117A-5C49-4702-AD66-9FCC6DED22A8}.Release|x86.Build.0 = Release|Win32
		{EE51951E-B2F8-4D7F-843F-3B74B566522A}.Debug|x64.ActiveCfg = Debug|x64
		{EE51951E-B2F8-4D7F-843F-3B74B566522A}.Debug|x64.Build.0 = Debug|x64
		{EE51951E-B2F8-4D7F-843F-3B74B566522A}.Debug|x86.ActiveCfg = Debug|Win32
		{EE51951E-B2F8-4D7F-843F-3B74B566522A}.Debug|x86.Build.0 = Debug|Win32
		{EE51951E-B2F8-4D7F-843F-3B74B566522A}.Release|x64.ActiveCfg = Release|x64
		{EE51951E-B2F8-4D7F-843F-3B74B566522A}.Release|x64.Build.0 = Release|x64
		{EE51951E-B2F8-4D7F-843F-3B74B566522A}.Release|x86.ActiveCfg = Release|Win32
		{EE51951E-B2F8-4D7F-843F-3B74B566522A}.Release|x86.Build.0 = Release|Win32
		{E0B52AE7-E160-4D32-BF3F-910B785E5A8E}.Debug|x64.ActiveCfg = Debug|x64
		{E0B52AE7-E160-4D32-BF3F-910B785E5A8E}.Debug|x64.Build.0 = Debug|x64
		{E0B52AE7-E160-4D32-BF3F-910B785E5A8E}.Debug|x86.ActiveCfg = Debug|Win32
		{E0B52AE7-E160-4D32-BF3F-910B785E5A8E}.Debug|x86.Build.0 = Debug|Win32
		{E0B52AE7-E160-4D32-BF3F-910B785E5A8E}.Release|x64.ActiveCfg = Release|x64
		{E0B52AE7-E160-4D32-BF3F-910B785E5A8E}.Release|x64.Build.0 = Release|x64
		{E0B52AE7-E160-4D32-BF3F-910B785E5A8E}.Release|x86.ActiveCfg = Release|Win32
		{E0B52AE7-E160-4D32-BF3F-910B785E5A8E}.Release|x86.Build.0 = Release|Win32
		{A1EA67E6-8967-4DCA-9D1C-52B00C7084F8}.Debug|x64.ActiveCfg = Debug|x64
		{A1EA67E6-8967-4DCA-9D1C-52B00C7084F8}.Debug|x64.Build.0 = Debug|x64
		{A1EA67E6-8967-4DCA-9D1C-52B00C7084F8}.Debug|x86.ActiveCfg = Debug|Win32
		{A1EA67E6-8967-4DCA-9D1C-52B00C7084F8}.Debug|x86.Build.0 = Debug|Win32
		{A1EA67E6-8967-4DCA-9D1C-52B00C7084F8}.Release|x64.ActiveCfg = Release|x64
		{A1EA67E6-8967-4DCA-9D1C-52B00C7084F8}.Release|x64.Build.0 = Release|x64
		{A1EA67E6-8967-4DCA-9D1C-52B00C7084F8}.Release|x86.ActiveCfg = Release|Win32
		{A1EA67E6-8967-4DCA-9D1C-52B00C7084F8}.Release|x86.Build.0 = Release|Win32
		{3629F01A-6FED-42EB-B308-E9F7F1346EAF}.Debug|x64.ActiveCfg = Debug|x64
		{3629F01A-6FED-42EB-B308-E9F7F1346EAF}.Debug|x64.Build.0 = Debug|x64
		{3629F01A-6FED-42EB-B308-E9F7F1346EAF}.Debug|x86.ActiveCfg = Debug|Win32
		{3629F01A-6FED-42EB-B308-E9F7F1346EAF}.Debug|x86.Build.0 = Debug|Win32
		{3629F01A-6FED-42EB-B308-E9F7F1346EAF}.Release|x64.ActiveCfg = Release|x64
		{3629F01A-6FED-42EB-B308-E9F7F1346EAF}.Release|x64.Build.0 = Release|x64
		{3629F01A-6FED-42EB-B308-E9F7F1346EAF}.Release|x86.ActiveCfg = Release|Win32
		{3629F01A-6FED-42EB-B308-E9F7F1346EAF}.Release|x86.Build.0 = Release|Win32
		{03F1705D-FACF-4DBF-809C-9653AFA30DAD}.Debug|x64.ActiveCfg = Debug|x64
		{03F1705D-FACF-4DBF-809C-9653AFA30DAD}.Debug|x64.Build.0 = Debug|x64
		{03F1705D-FACF-4DBF-809C-9653AFA30DAD}.Debug|x86.ActiveCfg = Debug|Win32
		{03F1705D-FACF-4DBF-809C-9653AFA30DAD}.Debug|x86.Build.0 = Debug|Win32
		{03F1705D-FACF-4DBF-809C-9653AFA30DAD}.Release|x64.ActiveCfg = Release|x64
		{03F1705D-FACF-4DBF-809C-9653AFA30DAD}.Release|x64.Build.0 = Release|x64
		{03F1705D-FACF-4DBF-809C-9653AFA30DAD}.Release|x86.ActiveCfg = Release|Win32
		{03F1705D-FACF-4DBF-809C-9653AFA30DAD}.Release|x86.Build.0 = Release|Win32
		{0A8E13FF-43CB-4DE4-9838-D376E875ABB1}.Debug|x64.ActiveCfg = Debug|x64
		{0A8E13FF-43CB-4DE4-9838-D376E875ABB1}.Debug|x64.Build.0 = Debug|x64
		{0A8E13FF-43CB-4DE4-9838-D376E875ABB1}.Debug|x86.ActiveCfg = Debug|Win32
		{0A8E13FF-43CB-4DE4-9838-D376E875ABB1}.Debug|x86.Build.0 = Debug|Win32
		{0A8E13FF-43CB-4DE4-9838-D376E875ABB1}.Release|x64.ActiveCfg = Release|x64
		{0A8E13FF-43CB-4DE4-9838-D376E875ABB1}.Release|x64.Build.0 = Release|x64
		{0A8E13FF-43CB-4DE4-9838-D376E875ABB1}.Release|x86.ActiveCfg = Release|Win32
		{0A8E13FF-43CB-4DE4-9838-D376E875ABB1}.Release|x86.Build.0 = Release|Win32
		{FDB02273-CC4D-4937-BF3B-EA29FED323DF}.Debug|x64.ActiveCfg = Debug|x64
		{FDB02273-CC4D-4937-BF3B-EA29FED323DF}.Debug|x64.Build.0 = Debug|x64
		{FDB02273-CC4D-4937-BF3B-EA29FED323DF}.Debug|x86.ActiveCfg = Debug|Win32
		{FDB02273-CC4D-4937-BF3B-EA29FED323DF}.Debug|x86.Build.0 = Debug|Win32
		{FDB02273-CC4D-4937-BF3B-EA29FED323DF}.Release|x64.ActiveCfg = Release|x64
		{FDB02273-CC4D-4937-BF3B-EA29FED323DF}.Release|x64.Build.0 = Release|x64
		{FDB02273-CC4D-4937-BF3B-EA29FED323DF}.Release|x86.ActiveCfg = Release|Win32
		{FDB02273-CC4D-4937-BF3B-EA29FED323DF}.Release|x86.Build.0 = Release|Win32
		{52D656A2-A2F4-4C54-A3C7-653427BED1E8}.Debug|x64.ActiveCfg = Debug|x64
		{52D656A2-A2F4-4C54-A3C7-653427BED1E8}.Debug|x64.Build.0 = Debug|x64
		{52D656A2-A2F4-4C54-A3C7-653427BED1E8}.Debug|x86.ActiveCfg = Debug|Win32
		{52D656A2-A2F4-4C54-A3C7-653427BED1E8}.Debug|x86.Build.0 = Debug|Win32
		{52D656A2-A2F4-4C54-A3C7-653427BED1E8}.Release|x64.ActiveCfg = Release|x64
		{52D656A2-A2F4-4C54-A3C7-653427BED1E8}.Release|x64.Build.0 = Release|x64
		{52D656A2-A2F4-4C54-A3C7-653427BED1E8}.Release|x86.ActiveCfg = Release|Win32
		{52D656A2-A2F4-4C54-A3C7-653427BED1E8}.Release|x86.Build.0 = Release|Win32
		{B5BB35B5-EB36-4362-8657-4B6D57780D86}.Debug|x64.ActiveCfg = Debug|x64
		{B5BB35B5-EB36-4362-8657-4B6D57780D86}.Debug|x64.Build.0 = Debug|x64
		{B5BB35B5-EB36-4362-8657-4B6D57780D86}.Debug|x86.ActiveCfg = Debug|Win32
		{B5BB35B5-EB36-4362-8657-4B6D57780D86}.Debug|x86.Build.0 = Debug|Win32
		{B5BB35B5-EB36-4362-8657-4B6D57780D86}.Release|x64.ActiveCfg = Release|x64
		{B5BB35B5-EB36-4362-8657-4B6D57780D86}.Release|x64.Build.0 = Release|x64
		{B5BB35B5-EB36-4362-8657-4B6D57780D86}.Release|x86.ActiveCfg = Release|Win32
		{B5BB35B5-EB36-4362-8657-4B6D57780D86}.Release|x86.Build.0 = Release|Win32
		{6ABA622B-96A6-4B34-B370-893F05A13DE5}.Debug|x64.ActiveCfg = Debug|x64
		{6ABA622B-96A6-4B34-B370-893F05A13DE5}.Debug|x64.Build.0 = Debug|x64
		{6ABA622B-96A6-4B34-B370-893F05A13DE5}.Debug|x86.ActiveCfg = Debug|Win32
		{6ABA622B-96A6-4B34-B370-893F05A13DE5}.Debug|x86.Build.0 = Debug|Win32
		{6ABA622B-96A6-4B34-B370-893F05A13DE5}.Release|x64.ActiveCfg = Release|x64
		{6ABA622B-96A6-4B34-B370-893F05A13DE5}.Release|x64.Build.0 = Release|x64
		{6ABA622B-96A6-4B34-B370-893F05A13DE5}.Release|x86.ActiveCfg = Release|Win32
		{6ABA622B-96A6-4B34-B370-893F05A13DE5}.Release|x86.Build.0 = Release|Win32
		{C0C77285-A124-4C79-B9D3-F74A52D3321D}.Debug|x64.ActiveCfg = Debug|x64
		{C0C77285-A124-4C79-B9D3-F74A52D3321D}.Debug|x64.Build.0 = Debug|x64
		{C0C77285-A124-4C79-B9D3-F74A52D3321D}.Debug|x86.ActiveCfg = Debug|Win32
		{C0C77285-A124-4C79-B9D3-F74A52D3321D}.Debug|x86.Build.0 = Debug|Win32
		{C0C77285-A124-4C79-B9D3-F74A52D3321D}.Release|x64.ActiveCfg = Release|x64
		{C0C77285-A124-4C79-B9D3-F74A52D3321D}.Release|x64.Build.0 = Release|x64
		{C0C77285-A124-4C79-B9D3-F74A52D3321D}.Release|x86.ActiveCfg = Release|Win32
		{C0C77285-A124-4C79-B9D3-F74A52D3321D}.Release|x86.Build.0 = Release|Win32
		{2890129B-3267-4093-84EE-73B3E812AFFD}.Debug|x64.ActiveCfg = Debug|x64
		{2890129B-3267-4093-84EE-73B3E812AFFD}.Debug|x64.Build.0 = Debug|x64
		{2890129B-3267-4093-84EE-73B3E812AFFD}.Debug|x86.ActiveCfg = Debug|Win32
		{2890129B-3267-4093-84EE-73B3E812AFFD}.Debug|x86.Build.0 = Debug|Win32
		{2890129B-3267-4093-84EE-73B3E812AFFD}.Release|x64.ActiveCfg = Release|x64
		{2890129B-3267-4093-84EE-73B3E812AFFD}.Release|x64.Build.0 = Release|x64
		{2890129B-3267-4093-84EE-73B3E812AFFD}.Release|x86.ActiveCfg = Release|Win32
		{2890129B-3267-4093-84EE-73B3E812AFFD}.Release|x86.Build.0 = Release|Win32
	EndGlobalSection
	GlobalSection(SolutionProperties) = preSolution
		HideSolutionNode = FALSE
	EndGlobalSection
	GlobalSection(NestedProjects) = preSolution
		{8C2FA245-7574-4007-B6FA-698F202ADE74} = {DEA94737-EA81-41EA-841F-9A959A90F26B}
		{933FB78A-16DB-4A89-A4D7-7B6045723F9E} = {6F61B328-E151-49DA-A38F-4796B6E0B25F}
		{F49F0859-CEB8-484F-ADC4-996BE6E052A0} = {43065273-F74F-4529-A8FF-0DEA004ECDE7}
		{4A6AEE64-3E97-4567-AAC0-7935735AB1D2} = {E9EDD95A-89E9-4D5F-9EF3-774D9A1DE026}
		{00BE117A-5C49-4702-AD66-9FCC6DED22A8} = {43065273-F74F-4529-A8FF-0DEA004ECDE7}
		{EE51951E-B2F8-4D7F-843F-3B74B566522A} = {43065273-F74F-4529-A8FF-0DEA004ECDE7}
		{E0B52AE7-E160-4D32-BF3F-910B785E5A8E} = {AE34D983-CCFF-419E-9D32-821451C1ADFB}
		{A1EA67E6-8967-4DCA-9D1C-52B00C7084F8} = {E9EDD95A-89E9-4D5F-9EF3-774D9A1DE026}
		{3629F01A-6FED-42EB-B308-E9F7F1346EAF} = {43065273-F74F-4529-A8FF-0DEA004ECDE7}
		{07F06C74-A2F1-420D-B400-32D34A805743} = {AE34D983-CCFF-419E-9D32-821451C1ADFB}
		{F3CEE0F4-B858-4FB1-8A12-F91132ADF5D6} = {D9D8D486-0FA1-42F7-A71E-4951FF0C3538}
		{03F1705D-FACF-4DBF-809C-9653AFA30DAD} = {E9EDD95A-89E9-4D5F-9EF3-774D9A1DE026}
		{0A8E13FF-43CB-4DE4-9838-D376E875ABB1} = {E9EDD95A-89E9-4D5F-9EF3-774D9A1DE026}
		{FDB02273-CC4D-4937-BF3B-EA29FED323DF} = {E9EDD95A-89E9-4D5F-9EF3-774D9A1DE026}
		{52D656A2-A2F4-4C54-A3C7-653427BED1E8} = {AE34D983-CCFF-419E-9D32-821451C1ADFB}
		{B5BB35B5-EB36-4362-8657-4B6D57780D86} = {E9EDD95A-89E9-4D5F-9EF3-774D9A1DE026}
		{6ABA622B-96A6-4B34-B370-893F05A13DE5} = {E9EDD95A-89E9-4D5F-9EF3-774D9A1DE026}
		{C0C77285-A124-4C79-B9D3-F74A52D3321D} = {E9EDD95A-89E9-4D5F-9EF3-774D9A1DE026}
		{2890129B-3267-4093-84EE-73B3E812AFFD} = {9BCE20D1-8922-4477-8FAB-3AE145597ABF}
	EndGlobalSection
	GlobalSection(ExtensibilityGlobals) = postSolution
		SolutionGuid = {19B1DB02-12F6-4B09-B23A-FB585D24135C}
	EndGlobalSection
EndGlobal
