
Microsoft Visual Studio Solution File, Format Version 12.00
# Visual Studio Version 17
VisualStudioVersion = 17.6.33815.320
MinimumVisualStudioVersion = 10.0.40219.1
Project("{2150E333-8FDC-42A3-9474-1A3956D46DE8}") = "Engine", "Engine", "{DEA94737-EA81-41EA-841F-9A959A90F26B}"
EndProject
Project("{2150E333-8FDC-42A3-9474-1A3956D46DE8}") = "Framework", "Framework", "{43065273-F74F-4529-A8FF-0DEA004ECDE7}"
EndProject
Project("{8BC9CEB8-8B4A-11D0-8D11-00A0C91BC942}") = "EngineD", "Engine\EngineD\EngineD.vcxproj", "{8C2FA245-7574-4007-B6FA-698F202ADE74}"
EndProject
Project("{2150E333-8FDC-42A3-9474-1A3956D46DE8}") = "VSProps", "VSProps", "{6F61B328-E151-49DA-A38F-4796B6E0B25F}"
	ProjectSection(SolutionItems) = preProject
		VSProps\EngineD.props = VSProps\EngineD.props
		VSProps\EngineLib.props = VSProps\EngineLib.props
		VSProps\FrameworkLib.props = VSProps\FrameworkLib.props
	EndProjectSection
EndProject
Project("{2150E333-8FDC-42A3-9474-1A3956D46DE8}") = "Common", "Common", "{933FB78A-16DB-4A89-A4D7-7B6045723F9E}"
	ProjectSection(SolutionItems) = preProject
		VSProps\Common\Common.props = VSProps\Common\Common.props
		VSProps\Common\Library.props = VSProps\Common\Library.props
	EndProjectSection
EndProject
Project("{8BC9CEB8-8B4A-11D0-8D11-00A0C91BC942}") = "Core", "Framework\Core\Core.vcxproj", "{F49F0859-CEB8-484F-ADC4-996BE6E052A0}"
EndProject
Project("{8BC9CEB8-8B4A-11D0-8D11-00A0C91BC942}") = "Math", "Framework\Math\Math.vcxproj", "{00BE117A-5C49-4702-AD66-9FCC6DED22A8}"
EndProject
Project("{8BC9CEB8-8B4A-11D0-8D11-00A0C91BC942}") = "Graphics", "Framework\Graphics\Graphics.vcxproj", "{EE51951E-B2F8-4D7F-843F-3B74B566522A}"
EndProject
Project("{2150E333-8FDC-42A3-9474-1A3956D46DE8}") = "External", "External", "{AE34D983-CCFF-419E-9D32-821451C1ADFB}"
EndProject
Project("{8BC9CEB8-8B4A-11D0-8D11-00A0C91BC942}") = "DirectXTK_Desktop_2019", "External\DirectXTK\DirectXTK_Desktop_2019.vcxproj", "{E0B52AE7-E160-4D32-BF3F-910B785E5A8E}"
EndProject
Project("{8BC9CEB8-8B4A-11D0-8D11-00A0C91BC942}") = "Input", "Framework\Input\Input.vcxproj", "{3629F01A-6FED-42EB-B308-E9F7F1346EAF}"
EndProject
Project("{2150E333-8FDC-42A3-9474-1A3956D46DE8}") = "GL", "GL", "{07F06C74-A2F1-420D-B400-32D34A805743}"
EndProject
Project("{2150E333-8FDC-42A3-9474-1A3956D46DE8}") = "Assets", "Assets", "{D9D8D486-0FA1-42F7-A71E-4951FF0C3538}"
EndProject
Project("{2150E333-8FDC-42A3-9474-1A3956D46DE8}") = "Shaders", "Shaders", "{F3CEE0F4-B858-4FB1-8A12-F91132ADF5D6}"
	ProjectSection(SolutionItems) = preProject
		Assets\Shaders\Atmosphere.fx = Assets\Shaders\Atmosphere.fx
		Assets\Shaders\CelEffect.fx = Assets\Shaders\CelEffect.fx
		Assets\Shaders\ComicBook.fx = Assets\Shaders\ComicBook.fx
		Assets\Shaders\CrosshatchEffect.fx = Assets\Shaders\CrosshatchEffect.fx
		Assets\Shaders\DoSomething.fx = Assets\Shaders\DoSomething.fx
		Assets\Shaders\DoTexturing.fx = Assets\Shaders\DoTexturing.fx
		Assets\Shaders\DoTransform.fx = Assets\Shaders\DoTransform.fx
		Assets\Shaders\Fog.fx = Assets\Shaders\Fog.fx
		Assets\Shaders\GaussianBlur.fx = Assets\Shaders\GaussianBlur.fx
		Assets\Shaders\GrassShader.fx = Assets\Shaders\GrassShader.fx
		Assets\Shaders\MoebiusEffect.fx = Assets\Shaders\MoebiusEffect.fx
		Assets\Shaders\NormalMap.fx = Assets\Shaders\NormalMap.fx
		Assets\Shaders\Particle.fx = Assets\Shaders\Particle.fx
		Assets\Shaders\PositionMap.fx = Assets\Shaders\PositionMap.fx
		Assets\Shaders\PostProcessing.fx = Assets\Shaders\PostProcessing.fx
		Assets\Shaders\Shadow.fx = Assets\Shaders\Shadow.fx
		Assets\Shaders\Snow.fx = Assets\Shaders\Snow.fx
		Assets\Shaders\SnowParticle.fx = Assets\Shaders\SnowParticle.fx
		Assets\Shaders\Standard.fx = Assets\Shaders\Standard.fx
		Assets\Shaders\Terrain.fx = Assets\Shaders\Terrain.fx
		Assets\Shaders\WaveShader.fx = Assets\Shaders\WaveShader.fx
	EndProjectSection
EndProject
Project("{8BC9CEB8-8B4A-11D0-8D11-00A0C91BC942}") = "ImGui", "External\ImGui\ImGui.vcxproj", "{52D656A2-A2F4-4C54-A3C7-653427BED1E8}"
EndProject
Project("{2150E333-8FDC-42A3-9474-1A3956D46DE8}") = "z_Lighting", "z_Lighting", "{9BCE20D1-8922-4477-8FAB-3AE145597ABF}"
EndProject
Project("{2150E333-8FDC-42A3-9474-1A3956D46DE8}") = "Tools", "Tools", "{FC969359-40D1-4D86-8778-E06D6F8016DA}"
EndProject
Project("{8BC9CEB8-8B4A-11D0-8D11-00A0C91BC942}") = "ModelImporter", "Tools\ModelImporter\ModelImporter.vcxproj", "{BCD03808-CEE2-46F8-A94A-8D9740F0B059}"
EndProject
Project("{2150E333-8FDC-42A3-9474-1A3956D46DE8}") = "z_PhysicsAndAnimation", "z_PhysicsAndAnimation", "{5E78E4FB-11D4-4802-8B3E-9B81C5F60FDA}"
EndProject
Project("{8BC9CEB8-8B4A-11D0-8D11-00A0C91BC942}") = "Bullet", "External\Bullet\Bullet.vcxproj", "{516192EB-788A-4FE7-B2B7-2EF9AC036B12}"
EndProject
Project("{8BC9CEB8-8B4A-11D0-8D11-00A0C91BC942}") = "Physics", "Framework\Physics\Physics.vcxproj", "{CC30B33E-62B2-49A2-9394-6FCA5A6FB5A9}"
EndProject
Project("{8BC9CEB8-8B4A-11D0-8D11-00A0C91BC942}") = "DirectXTKAudio_Desktop_2022_Win8", "External\DirectXTK\Audio\DirectXTKAudio_Desktop_2022_Win8.vcxproj", "{4F150A30-CECB-49D1-8283-6A3F57438CF5}"
EndProject
Project("{8BC9CEB8-8B4A-11D0-8D11-00A0C91BC942}") = "Audio", "Framework\Audio\Audio.vcxproj", "{E9A7F1BB-9AF2-4616-943D-548DCE3C005F}"
EndProject
Project("{2150E333-8FDC-42A3-9474-1A3956D46DE8}") = "Rendering", "Rendering", "{45AC4FB9-E99A-44E3-B712-06550A9BD598}"
EndProject
Project("{2150E333-8FDC-42A3-9474-1A3956D46DE8}") = "z_SavingAndLoading", "z_SavingAndLoading", "{01B2BDD4-EDEC-402D-8A7A-0AC68B3BA1AA}"
EndProject
Project("{8BC9CEB8-8B4A-11D0-8D11-00A0C91BC942}") = "Grass_Demo", "Rendering\Grass_Demo\Grass_Demo.vcxproj", "{508797FC-73C2-43BE-B912-A5E25D1B601B}"
EndProject
Project("{8BC9CEB8-8B4A-11D0-8D11-00A0C91BC942}") = "Waves_Demo", "Rendering\Waves_Demo\Waves_Demo.vcxproj", "{263B9CA2-087D-47BA-8BA9-C87844803463}"
EndProject
Project("{2150E333-8FDC-42A3-9474-1A3956D46DE8}") = "Templates", "Templates", "{8F5BDFC3-5B2C-455B-A765-0A5AC2848AEA}"
	ProjectSection(SolutionItems) = preProject
		Assets\Templates\fps_camera.json = Assets\Templates\fps_camera.json
		Assets\Templates\ground.json = Assets\Templates\ground.json
		Assets\Templates\LockedCamera.json = Assets\Templates\LockedCamera.json
		Assets\Templates\testObject.json = Assets\Templates\testObject.json
		Assets\Templates\waveLoader.json = Assets\Templates\waveLoader.json
	EndProjectSection
EndProject
Project("{2150E333-8FDC-42A3-9474-1A3956D46DE8}") = "Levels", "Levels", "{98554564-27E1-4BB6-BB46-3CFD969C56C2}"
	ProjectSection(SolutionItems) = preProject
		Assets\Templates\Level\SnowLevel.json = Assets\Templates\Level\SnowLevel.json
		Assets\Templates\Level\testLevel.json = Assets\Templates\Level\testLevel.json
		Assets\Templates\Level\testLevelNoUI.json = Assets\Templates\Level\testLevelNoUI.json
	EndProjectSection
EndProject
Project("{8BC9CEB8-8B4A-11D0-8D11-00A0C91BC942}") = "FW1FontWrapper", "External\FW1FontWrapper\FW1FontWrapper.vcxproj", "{0D034612-14E2-44E7-993A-72344A2CA7BD}"
EndProject
Project("{2150E333-8FDC-42A3-9474-1A3956D46DE8}") = "UI", "UI", "{FC67F35A-939F-4CE6-9A15-7BB62B4D8CB5}"
	ProjectSection(SolutionItems) = preProject
		Assets\Templates\UI\Button.json = Assets\Templates\UI\Button.json
		Assets\Templates\UI\test_screen.json = Assets\Templates\UI\test_screen.json
	EndProjectSection
EndProject
Project("{8BC9CEB8-8B4A-11D0-8D11-00A0C91BC942}") = "SnowTesting", "Rendering\SnowTesting\SnowTesting.vcxproj", "{A0D33198-4DED-4FBC-B98F-308E4BE68BB5}"
EndProject
Project("{2150E333-8FDC-42A3-9474-1A3956D46DE8}") = "z_LearningRendering", "z_LearningRendering", "{5E2EB15A-FBB7-436C-93F5-808EE01512F0}"
EndProject
Project("{8BC9CEB8-8B4A-11D0-8D11-00A0C91BC942}") = "242_Final", "z_Learning Rendering\242_Final\242_Final.vcxproj", "{6ABA622B-96A6-4B34-B370-893F05A13DE5}"
EndProject
Project("{8BC9CEB8-8B4A-11D0-8D11-00A0C91BC942}") = "04_HelloMeshBuilder", "z_Learning Rendering\04_HelloMeshBuilder\04_HelloMeshBuilder.vcxproj", "{0A8E13FF-43CB-4DE4-9838-D376E875ABB1}"
EndProject
Project("{8BC9CEB8-8B4A-11D0-8D11-00A0C91BC942}") = "09_HelloCel", "z_Lighting\09_HelloCel\09_HelloCel.vcxproj", "{52ED3684-29F1-4B18-A29C-66A4C053678E}"
EndProject
Project("{8BC9CEB8-8B4A-11D0-8D11-00A0C91BC942}") = "11_HelloPostProcessing", "z_Lighting\11_HelloPostProcessing\11_HelloPostProcessing.vcxproj", "{3834DDE4-8B0C-46F9-B2EF-AB5B8B92E844}"
EndProject
Project("{8BC9CEB8-8B4A-11D0-8D11-00A0C91BC942}") = "330_Final", "z_Lighting\330_Final\330_Final.vcxproj", "{569D8E25-A646-4633-AB18-3C74ADA8BED8}"
EndProject
Project("{8BC9CEB8-8B4A-11D0-8D11-00A0C91BC942}") = "18_HelloSkeletonAnimation", "z_Physics And Animation\19_HelloSkeletonAnimation\19_HelloSkeletonAnimation.vcxproj", "{7622BC0C-383F-4E6F-9033-4A06882CEAA4}"
EndProject
Project("{8BC9CEB8-8B4A-11D0-8D11-00A0C91BC942}") = "21_HelloSoftBody", "z_Physics And Animation\21_HelloSoftBody\21_HelloSoftBody.vcxproj", "{6B934580-70F1-4C7E-93FB-FCCBBCB0A46F}"
EndProject
Project("{8BC9CEB8-8B4A-11D0-8D11-00A0C91BC942}") = "334_Final", "z_Physics And Animation\334_Final\334_Final.vcxproj", "{9D0D6045-355D-4C73-BAC4-A3500A271254}"
EndProject
Project("{8BC9CEB8-8B4A-11D0-8D11-00A0C91BC942}") = "26_HelloGameWorld", "z_Saving and Loading\26_HelloGameWorld\26_HelloGameWorld.vcxproj", "{8662B851-A0BF-42C6-813D-770F5EB2503D}"
EndProject
Project("{8BC9CEB8-8B4A-11D0-8D11-00A0C91BC942}") = "Snow", "z_Saving and Loading\Snow\Snow.vcxproj", "{214F6E54-2715-42D1-9EFD-E2046BF00743}"
EndProject
Global
	GlobalSection(SolutionConfigurationPlatforms) = preSolution
		Debug|x64 = Debug|x64
		Debug|x86 = Debug|x86
		Release|x64 = Release|x64
		Release|x86 = Release|x86
	EndGlobalSection
	GlobalSection(ProjectConfigurationPlatforms) = postSolution
		{8C2FA245-7574-4007-B6FA-698F202ADE74}.Debug|x64.ActiveCfg = Debug|x64
		{8C2FA245-7574-4007-B6FA-698F202ADE74}.Debug|x64.Build.0 = Debug|x64
		{8C2FA245-7574-4007-B6FA-698F202ADE74}.Debug|x86.ActiveCfg = Debug|Win32
		{8C2FA245-7574-4007-B6FA-698F202ADE74}.Debug|x86.Build.0 = Debug|Win32
		{8C2FA245-7574-4007-B6FA-698F202ADE74}.Release|x64.ActiveCfg = Release|x64
		{8C2FA245-7574-4007-B6FA-698F202ADE74}.Release|x64.Build.0 = Release|x64
		{8C2FA245-7574-4007-B6FA-698F202ADE74}.Release|x86.ActiveCfg = Release|Win32
		{8C2FA245-7574-4007-B6FA-698F202ADE74}.Release|x86.Build.0 = Release|Win32
		{F49F0859-CEB8-484F-ADC4-996BE6E052A0}.Debug|x64.ActiveCfg = Debug|x64
		{F49F0859-CEB8-484F-ADC4-996BE6E052A0}.Debug|x64.Build.0 = Debug|x64
		{F49F0859-CEB8-484F-ADC4-996BE6E052A0}.Debug|x86.ActiveCfg = Debug|Win32
		{F49F0859-CEB8-484F-ADC4-996BE6E052A0}.Debug|x86.Build.0 = Debug|Win32
		{F49F0859-CEB8-484F-ADC4-996BE6E052A0}.Release|x64.ActiveCfg = Release|x64
		{F49F0859-CEB8-484F-ADC4-996BE6E052A0}.Release|x64.Build.0 = Release|x64
		{F49F0859-CEB8-484F-ADC4-996BE6E052A0}.Release|x86.ActiveCfg = Release|Win32
		{F49F0859-CEB8-484F-ADC4-996BE6E052A0}.Release|x86.Build.0 = Release|Win32
		{00BE117A-5C49-4702-AD66-9FCC6DED22A8}.Debug|x64.ActiveCfg = Debug|x64
		{00BE117A-5C49-4702-AD66-9FCC6DED22A8}.Debug|x64.Build.0 = Debug|x64
		{00BE117A-5C49-4702-AD66-9FCC6DED22A8}.Debug|x86.ActiveCfg = Debug|Win32
		{00BE117A-5C49-4702-AD66-9FCC6DED22A8}.Debug|x86.Build.0 = Debug|Win32
		{00BE117A-5C49-4702-AD66-9FCC6DED22A8}.Release|x64.ActiveCfg = Release|x64
		{00BE117A-5C49-4702-AD66-9FCC6DED22A8}.Release|x64.Build.0 = Release|x64
		{00BE117A-5C49-4702-AD66-9FCC6DED22A8}.Release|x86.ActiveCfg = Release|Win32
		{00BE117A-5C49-4702-AD66-9FCC6DED22A8}.Release|x86.Build.0 = Release|Win32
		{EE51951E-B2F8-4D7F-843F-3B74B566522A}.Debug|x64.ActiveCfg = Debug|x64
		{EE51951E-B2F8-4D7F-843F-3B74B566522A}.Debug|x64.Build.0 = Debug|x64
		{EE51951E-B2F8-4D7F-843F-3B74B566522A}.Debug|x86.ActiveCfg = Debug|Win32
		{EE51951E-B2F8-4D7F-843F-3B74B566522A}.Debug|x86.Build.0 = Debug|Win32
		{EE51951E-B2F8-4D7F-843F-3B74B566522A}.Release|x64.ActiveCfg = Release|x64
		{EE51951E-B2F8-4D7F-843F-3B74B566522A}.Release|x64.Build.0 = Release|x64
		{EE51951E-B2F8-4D7F-843F-3B74B566522A}.Release|x86.ActiveCfg = Release|Win32
		{EE51951E-B2F8-4D7F-843F-3B74B566522A}.Release|x86.Build.0 = Release|Win32
		{E0B52AE7-E160-4D32-BF3F-910B785E5A8E}.Debug|x64.ActiveCfg = Debug|x64
		{E0B52AE7-E160-4D32-BF3F-910B785E5A8E}.Debug|x64.Build.0 = Debug|x64
		{E0B52AE7-E160-4D32-BF3F-910B785E5A8E}.Debug|x86.ActiveCfg = Debug|Win32
		{E0B52AE7-E160-4D32-BF3F-910B785E5A8E}.Debug|x86.Build.0 = Debug|Win32
		{E0B52AE7-E160-4D32-BF3F-910B785E5A8E}.Release|x64.ActiveCfg = Release|x64
		{E0B52AE7-E160-4D32-BF3F-910B785E5A8E}.Release|x64.Build.0 = Release|x64
		{E0B52AE7-E160-4D32-BF3F-910B785E5A8E}.Release|x86.ActiveCfg = Release|Win32
		{E0B52AE7-E160-4D32-BF3F-910B785E5A8E}.Release|x86.Build.0 = Release|Win32
		{3629F01A-6FED-42EB-B308-E9F7F1346EAF}.Debug|x64.ActiveCfg = Debug|x64
		{3629F01A-6FED-42EB-B308-E9F7F1346EAF}.Debug|x64.Build.0 = Debug|x64
		{3629F01A-6FED-42EB-B308-E9F7F1346EAF}.Debug|x86.ActiveCfg = Debug|Win32
		{3629F01A-6FED-42EB-B308-E9F7F1346EAF}.Debug|x86.Build.0 = Debug|Win32
		{3629F01A-6FED-42EB-B308-E9F7F1346EAF}.Release|x64.ActiveCfg = Release|x64
		{3629F01A-6FED-42EB-B308-E9F7F1346EAF}.Release|x64.Build.0 = Release|x64
		{3629F01A-6FED-42EB-B308-E9F7F1346EAF}.Release|x86.ActiveCfg = Release|Win32
		{3629F01A-6FED-42EB-B308-E9F7F1346EAF}.Release|x86.Build.0 = Release|Win32
		{52D656A2-A2F4-4C54-A3C7-653427BED1E8}.Debug|x64.ActiveCfg = Debug|x64
		{52D656A2-A2F4-4C54-A3C7-653427BED1E8}.Debug|x64.Build.0 = Debug|x64
		{52D656A2-A2F4-4C54-A3C7-653427BED1E8}.Debug|x86.ActiveCfg = Debug|Win32
		{52D656A2-A2F4-4C54-A3C7-653427BED1E8}.Debug|x86.Build.0 = Debug|Win32
		{52D656A2-A2F4-4C54-A3C7-653427BED1E8}.Release|x64.ActiveCfg = Release|x64
		{52D656A2-A2F4-4C54-A3C7-653427BED1E8}.Release|x64.Build.0 = Release|x64
		{52D656A2-A2F4-4C54-A3C7-653427BED1E8}.Release|x86.ActiveCfg = Release|Win32
		{52D656A2-A2F4-4C54-A3C7-653427BED1E8}.Release|x86.Build.0 = Release|Win32
		{BCD03808-CEE2-46F8-A94A-8D9740F0B059}.Debug|x64.ActiveCfg = Debug|x64
		{BCD03808-CEE2-46F8-A94A-8D9740F0B059}.Debug|x64.Build.0 = Debug|x64
		{BCD03808-CEE2-46F8-A94A-8D9740F0B059}.Debug|x86.ActiveCfg = Debug|Win32
		{BCD03808-CEE2-46F8-A94A-8D9740F0B059}.Debug|x86.Build.0 = Debug|Win32
		{BCD03808-CEE2-46F8-A94A-8D9740F0B059}.Release|x64.ActiveCfg = Release|x64
		{BCD03808-CEE2-46F8-A94A-8D9740F0B059}.Release|x64.Build.0 = Release|x64
		{BCD03808-CEE2-46F8-A94A-8D9740F0B059}.Release|x86.ActiveCfg = Release|Win32
		{BCD03808-CEE2-46F8-A94A-8D9740F0B059}.Release|x86.Build.0 = Release|Win32
		{516192EB-788A-4FE7-B2B7-2EF9AC036B12}.Debug|x64.ActiveCfg = Debug|x64
		{516192EB-788A-4FE7-B2B7-2EF9AC036B12}.Debug|x64.Build.0 = Debug|x64
		{516192EB-788A-4FE7-B2B7-2EF9AC036B12}.Debug|x86.ActiveCfg = Debug|Win32
		{516192EB-788A-4FE7-B2B7-2EF9AC036B12}.Debug|x86.Build.0 = Debug|Win32
		{516192EB-788A-4FE7-B2B7-2EF9AC036B12}.Release|x64.ActiveCfg = Release|x64
		{516192EB-788A-4FE7-B2B7-2EF9AC036B12}.Release|x64.Build.0 = Release|x64
		{516192EB-788A-4FE7-B2B7-2EF9AC036B12}.Release|x86.ActiveCfg = Release|Win32
		{516192EB-788A-4FE7-B2B7-2EF9AC036B12}.Release|x86.Build.0 = Release|Win32
		{CC30B33E-62B2-49A2-9394-6FCA5A6FB5A9}.Debug|x64.ActiveCfg = Debug|x64
		{CC30B33E-62B2-49A2-9394-6FCA5A6FB5A9}.Debug|x64.Build.0 = Debug|x64
		{CC30B33E-62B2-49A2-9394-6FCA5A6FB5A9}.Debug|x86.ActiveCfg = Debug|Win32
		{CC30B33E-62B2-49A2-9394-6FCA5A6FB5A9}.Debug|x86.Build.0 = Debug|Win32
		{CC30B33E-62B2-49A2-9394-6FCA5A6FB5A9}.Release|x64.ActiveCfg = Release|x64
		{CC30B33E-62B2-49A2-9394-6FCA5A6FB5A9}.Release|x64.Build.0 = Release|x64
		{CC30B33E-62B2-49A2-9394-6FCA5A6FB5A9}.Release|x86.ActiveCfg = Release|Win32
		{CC30B33E-62B2-49A2-9394-6FCA5A6FB5A9}.Release|x86.Build.0 = Release|Win32
		{4F150A30-CECB-49D1-8283-6A3F57438CF5}.Debug|x64.ActiveCfg = Debug|x64
		{4F150A30-CECB-49D1-8283-6A3F57438CF5}.Debug|x64.Build.0 = Debug|x64
		{4F150A30-CECB-49D1-8283-6A3F57438CF5}.Debug|x86.ActiveCfg = Debug|Win32
		{4F150A30-CECB-49D1-8283-6A3F57438CF5}.Debug|x86.Build.0 = Debug|Win32
		{4F150A30-CECB-49D1-8283-6A3F57438CF5}.Release|x64.ActiveCfg = Release|x64
		{4F150A30-CECB-49D1-8283-6A3F57438CF5}.Release|x64.Build.0 = Release|x64
		{4F150A30-CECB-49D1-8283-6A3F57438CF5}.Release|x86.ActiveCfg = Release|Win32
		{4F150A30-CECB-49D1-8283-6A3F57438CF5}.Release|x86.Build.0 = Release|Win32
		{E9A7F1BB-9AF2-4616-943D-548DCE3C005F}.Debug|x64.ActiveCfg = Debug|x64
		{E9A7F1BB-9AF2-4616-943D-548DCE3C005F}.Debug|x64.Build.0 = Debug|x64
		{E9A7F1BB-9AF2-4616-943D-548DCE3C005F}.Debug|x86.ActiveCfg = Debug|Win32
		{E9A7F1BB-9AF2-4616-943D-548DCE3C005F}.Debug|x86.Build.0 = Debug|Win32
		{E9A7F1BB-9AF2-4616-943D-548DCE3C005F}.Release|x64.ActiveCfg = Release|x64
		{E9A7F1BB-9AF2-4616-943D-548DCE3C005F}.Release|x64.Build.0 = Release|x64
		{E9A7F1BB-9AF2-4616-943D-548DCE3C005F}.Release|x86.ActiveCfg = Release|Win32
		{E9A7F1BB-9AF2-4616-943D-548DCE3C005F}.Release|x86.Build.0 = Release|Win32
		{508797FC-73C2-43BE-B912-A5E25D1B601B}.Debug|x64.ActiveCfg = Debug|x64
		{508797FC-73C2-43BE-B912-A5E25D1B601B}.Debug|x64.Build.0 = Debug|x64
		{508797FC-73C2-43BE-B912-A5E25D1B601B}.Debug|x86.ActiveCfg = Debug|Win32
		{508797FC-73C2-43BE-B912-A5E25D1B601B}.Debug|x86.Build.0 = Debug|Win32
		{508797FC-73C2-43BE-B912-A5E25D1B601B}.Release|x64.ActiveCfg = Release|x64
		{508797FC-73C2-43BE-B912-A5E25D1B601B}.Release|x64.Build.0 = Release|x64
		{508797FC-73C2-43BE-B912-A5E25D1B601B}.Release|x86.ActiveCfg = Release|Win32
		{508797FC-73C2-43BE-B912-A5E25D1B601B}.Release|x86.Build.0 = Release|Win32
		{263B9CA2-087D-47BA-8BA9-C87844803463}.Debug|x64.ActiveCfg = Debug|x64
		{263B9CA2-087D-47BA-8BA9-C87844803463}.Debug|x64.Build.0 = Debug|x64
		{263B9CA2-087D-47BA-8BA9-C87844803463}.Debug|x86.ActiveCfg = Debug|Win32
		{263B9CA2-087D-47BA-8BA9-C87844803463}.Debug|x86.Build.0 = Debug|Win32
		{263B9CA2-087D-47BA-8BA9-C87844803463}.Release|x64.ActiveCfg = Release|x64
		{263B9CA2-087D-47BA-8BA9-C87844803463}.Release|x64.Build.0 = Release|x64
		{263B9CA2-087D-47BA-8BA9-C87844803463}.Release|x86.ActiveCfg = Release|Win32
		{263B9CA2-087D-47BA-8BA9-C87844803463}.Release|x86.Build.0 = Release|Win32
		{0D034612-14E2-44E7-993A-72344A2CA7BD}.Debug|x64.ActiveCfg = Debug|x64
		{0D034612-14E2-44E7-993A-72344A2CA7BD}.Debug|x64.Build.0 = Debug|x64
		{0D034612-14E2-44E7-993A-72344A2CA7BD}.Debug|x86.ActiveCfg = Debug|Win32
		{0D034612-14E2-44E7-993A-72344A2CA7BD}.Debug|x86.Build.0 = Debug|Win32
		{0D034612-14E2-44E7-993A-72344A2CA7BD}.Release|x64.ActiveCfg = Release|x64
		{0D034612-14E2-44E7-993A-72344A2CA7BD}.Release|x64.Build.0 = Release|x64
		{0D034612-14E2-44E7-993A-72344A2CA7BD}.Release|x86.ActiveCfg = Release|Win32
		{0D034612-14E2-44E7-993A-72344A2CA7BD}.Release|x86.Build.0 = Release|Win32
		{A0D33198-4DED-4FBC-B98F-308E4BE68BB5}.Debug|x64.ActiveCfg = Debug|x64
		{A0D33198-4DED-4FBC-B98F-308E4BE68BB5}.Debug|x64.Build.0 = Debug|x64
		{A0D33198-4DED-4FBC-B98F-308E4BE68BB5}.Debug|x86.ActiveCfg = Debug|Win32
		{A0D33198-4DED-4FBC-B98F-308E4BE68BB5}.Debug|x86.Build.0 = Debug|Win32
		{A0D33198-4DED-4FBC-B98F-308E4BE68BB5}.Release|x64.ActiveCfg = Release|x64
		{A0D33198-4DED-4FBC-B98F-308E4BE68BB5}.Release|x64.Build.0 = Release|x64
		{A0D33198-4DED-4FBC-B98F-308E4BE68BB5}.Release|x86.ActiveCfg = Release|Win32
		{A0D33198-4DED-4FBC-B98F-308E4BE68BB5}.Release|x86.Build.0 = Release|Win32
		{6ABA622B-96A6-4B34-B370-893F05A13DE5}.Debug|x64.ActiveCfg = Debug|x64
		{6ABA622B-96A6-4B34-B370-893F05A13DE5}.Debug|x64.Build.0 = Debug|x64
		{6ABA622B-96A6-4B34-B370-893F05A13DE5}.Debug|x86.ActiveCfg = Debug|Win32
		{6ABA622B-96A6-4B34-B370-893F05A13DE5}.Debug|x86.Build.0 = Debug|Win32
		{6ABA622B-96A6-4B34-B370-893F05A13DE5}.Release|x64.ActiveCfg = Release|x64
		{6ABA622B-96A6-4B34-B370-893F05A13DE5}.Release|x64.Build.0 = Release|x64
		{6ABA622B-96A6-4B34-B370-893F05A13DE5}.Release|x86.ActiveCfg = Release|Win32
		{6ABA622B-96A6-4B34-B370-893F05A13DE5}.Release|x86.Build.0 = Release|Win32
		{0A8E13FF-43CB-4DE4-9838-D376E875ABB1}.Debug|x64.ActiveCfg = Debug|x64
		{0A8E13FF-43CB-4DE4-9838-D376E875ABB1}.Debug|x64.Build.0 = Debug|x64
		{0A8E13FF-43CB-4DE4-9838-D376E875ABB1}.Debug|x86.ActiveCfg = Debug|Win32
		{0A8E13FF-43CB-4DE4-9838-D376E875ABB1}.Debug|x86.Build.0 = Debug|Win32
		{0A8E13FF-43CB-4DE4-9838-D376E875ABB1}.Release|x64.ActiveCfg = Release|x64
		{0A8E13FF-43CB-4DE4-9838-D376E875ABB1}.Release|x64.Build.0 = Release|x64
		{0A8E13FF-43CB-4DE4-9838-D376E875ABB1}.Release|x86.ActiveCfg = Release|Win32
		{0A8E13FF-43CB-4DE4-9838-D376E875ABB1}.Release|x86.Build.0 = Release|Win32
		{52ED3684-29F1-4B18-A29C-66A4C053678E}.Debug|x64.ActiveCfg = Debug|x64
		{52ED3684-29F1-4B18-A29C-66A4C053678E}.Debug|x64.Build.0 = Debug|x64
		{52ED3684-29F1-4B18-A29C-66A4C053678E}.Debug|x86.ActiveCfg = Debug|Win32
		{52ED3684-29F1-4B18-A29C-66A4C053678E}.Debug|x86.Build.0 = Debug|Win32
		{52ED3684-29F1-4B18-A29C-66A4C053678E}.Release|x64.ActiveCfg = Release|x64
		{52ED3684-29F1-4B18-A29C-66A4C053678E}.Release|x64.Build.0 = Release|x64
		{52ED3684-29F1-4B18-A29C-66A4C053678E}.Release|x86.ActiveCfg = Release|Win32
		{52ED3684-29F1-4B18-A29C-66A4C053678E}.Release|x86.Build.0 = Release|Win32
		{3834DDE4-8B0C-46F9-B2EF-AB5B8B92E844}.Debug|x64.ActiveCfg = Debug|x64
		{3834DDE4-8B0C-46F9-B2EF-AB5B8B92E844}.Debug|x64.Build.0 = Debug|x64
		{3834DDE4-8B0C-46F9-B2EF-AB5B8B92E844}.Debug|x86.ActiveCfg = Debug|Win32
		{3834DDE4-8B0C-46F9-B2EF-AB5B8B92E844}.Debug|x86.Build.0 = Debug|Win32
		{3834DDE4-8B0C-46F9-B2EF-AB5B8B92E844}.Release|x64.ActiveCfg = Release|x64
		{3834DDE4-8B0C-46F9-B2EF-AB5B8B92E844}.Release|x64.Build.0 = Release|x64
		{3834DDE4-8B0C-46F9-B2EF-AB5B8B92E844}.Release|x86.ActiveCfg = Release|Win32
		{3834DDE4-8B0C-46F9-B2EF-AB5B8B92E844}.Release|x86.Build.0 = Release|Win32
		{569D8E25-A646-4633-AB18-3C74ADA8BED8}.Debug|x64.ActiveCfg = Debug|x64
		{569D8E25-A646-4633-AB18-3C74ADA8BED8}.Debug|x64.Build.0 = Debug|x64
		{569D8E25-A646-4633-AB18-3C74ADA8BED8}.Debug|x86.ActiveCfg = Debug|Win32
		{569D8E25-A646-4633-AB18-3C74ADA8BED8}.Debug|x86.Build.0 = Debug|Win32
		{569D8E25-A646-4633-AB18-3C74ADA8BED8}.Release|x64.ActiveCfg = Release|x64
		{569D8E25-A646-4633-AB18-3C74ADA8BED8}.Release|x64.Build.0 = Release|x64
		{569D8E25-A646-4633-AB18-3C74ADA8BED8}.Release|x86.ActiveCfg = Release|Win32
		{569D8E25-A646-4633-AB18-3C74ADA8BED8}.Release|x86.Build.0 = Release|Win32
		{7622BC0C-383F-4E6F-9033-4A06882CEAA4}.Debug|x64.ActiveCfg = Debug|x64
		{7622BC0C-383F-4E6F-9033-4A06882CEAA4}.Debug|x64.Build.0 = Debug|x64
		{7622BC0C-383F-4E6F-9033-4A06882CEAA4}.Debug|x86.ActiveCfg = Debug|Win32
		{7622BC0C-383F-4E6F-9033-4A06882CEAA4}.Debug|x86.Build.0 = Debug|Win32
		{7622BC0C-383F-4E6F-9033-4A06882CEAA4}.Release|x64.ActiveCfg = Release|x64
		{7622BC0C-383F-4E6F-9033-4A06882CEAA4}.Release|x64.Build.0 = Release|x64
		{7622BC0C-383F-4E6F-9033-4A06882CEAA4}.Release|x86.ActiveCfg = Release|Win32
		{7622BC0C-383F-4E6F-9033-4A06882CEAA4}.Release|x86.Build.0 = Release|Win32
		{6B934580-70F1-4C7E-93FB-FCCBBCB0A46F}.Debug|x64.ActiveCfg = Debug|x64
		{6B934580-70F1-4C7E-93FB-FCCBBCB0A46F}.Debug|x64.Build.0 = Debug|x64
		{6B934580-70F1-4C7E-93FB-FCCBBCB0A46F}.Debug|x86.ActiveCfg = Debug|Win32
		{6B934580-70F1-4C7E-93FB-FCCBBCB0A46F}.Debug|x86.Build.0 = Debug|Win32
		{6B934580-70F1-4C7E-93FB-FCCBBCB0A46F}.Release|x64.ActiveCfg = Release|x64
		{6B934580-70F1-4C7E-93FB-FCCBBCB0A46F}.Release|x64.Build.0 = Release|x64
		{6B934580-70F1-4C7E-93FB-FCCBBCB0A46F}.Release|x86.ActiveCfg = Release|Win32
		{6B934580-70F1-4C7E-93FB-FCCBBCB0A46F}.Release|x86.Build.0 = Release|Win32
		{9D0D6045-355D-4C73-BAC4-A3500A271254}.Debug|x64.ActiveCfg = Debug|x64
		{9D0D6045-355D-4C73-BAC4-A3500A271254}.Debug|x64.Build.0 = Debug|x64
		{9D0D6045-355D-4C73-BAC4-A3500A271254}.Debug|x86.ActiveCfg = Debug|Win32
		{9D0D6045-355D-4C73-BAC4-A3500A271254}.Debug|x86.Build.0 = Debug|Win32
		{9D0D6045-355D-4C73-BAC4-A3500A271254}.Release|x64.ActiveCfg = Release|x64
		{9D0D6045-355D-4C73-BAC4-A3500A271254}.Release|x64.Build.0 = Release|x64
		{9D0D6045-355D-4C73-BAC4-A3500A271254}.Release|x86.ActiveCfg = Release|Win32
		{9D0D6045-355D-4C73-BAC4-A3500A271254}.Release|x86.Build.0 = Release|Win32
		{8662B851-A0BF-42C6-813D-770F5EB2503D}.Debug|x64.ActiveCfg = Debug|x64
		{8662B851-A0BF-42C6-813D-770F5EB2503D}.Debug|x64.Build.0 = Debug|x64
		{8662B851-A0BF-42C6-813D-770F5EB2503D}.Debug|x86.ActiveCfg = Debug|Win32
		{8662B851-A0BF-42C6-813D-770F5EB2503D}.Debug|x86.Build.0 = Debug|Win32
		{8662B851-A0BF-42C6-813D-770F5EB2503D}.Release|x64.ActiveCfg = Release|x64
		{8662B851-A0BF-42C6-813D-770F5EB2503D}.Release|x64.Build.0 = Release|x64
		{8662B851-A0BF-42C6-813D-770F5EB2503D}.Release|x86.ActiveCfg = Release|Win32
		{8662B851-A0BF-42C6-813D-770F5EB2503D}.Release|x86.Build.0 = Release|Win32
		{214F6E54-2715-42D1-9EFD-E2046BF00743}.Debug|x64.ActiveCfg = Debug|x64
		{214F6E54-2715-42D1-9EFD-E2046BF00743}.Debug|x64.Build.0 = Debug|x64
		{214F6E54-2715-42D1-9EFD-E2046BF00743}.Debug|x86.ActiveCfg = Debug|Win32
		{214F6E54-2715-42D1-9EFD-E2046BF00743}.Debug|x86.Build.0 = Debug|Win32
		{214F6E54-2715-42D1-9EFD-E2046BF00743}.Release|x64.ActiveCfg = Release|x64
		{214F6E54-2715-42D1-9EFD-E2046BF00743}.Release|x64.Build.0 = Release|x64
		{214F6E54-2715-42D1-9EFD-E2046BF00743}.Release|x86.ActiveCfg = Release|Win32
		{214F6E54-2715-42D1-9EFD-E2046BF00743}.Release|x86.Build.0 = Release|Win32
	EndGlobalSection
	GlobalSection(SolutionProperties) = preSolution
		HideSolutionNode = FALSE
	EndGlobalSection
	GlobalSection(NestedProjects) = preSolution
		{8C2FA245-7574-4007-B6FA-698F202ADE74} = {DEA94737-EA81-41EA-841F-9A959A90F26B}
		{933FB78A-16DB-4A89-A4D7-7B6045723F9E} = {6F61B328-E151-49DA-A38F-4796B6E0B25F}
		{F49F0859-CEB8-484F-ADC4-996BE6E052A0} = {43065273-F74F-4529-A8FF-0DEA004ECDE7}
		{00BE117A-5C49-4702-AD66-9FCC6DED22A8} = {43065273-F74F-4529-A8FF-0DEA004ECDE7}
		{EE51951E-B2F8-4D7F-843F-3B74B566522A} = {43065273-F74F-4529-A8FF-0DEA004ECDE7}
		{E0B52AE7-E160-4D32-BF3F-910B785E5A8E} = {AE34D983-CCFF-419E-9D32-821451C1ADFB}
		{3629F01A-6FED-42EB-B308-E9F7F1346EAF} = {43065273-F74F-4529-A8FF-0DEA004ECDE7}
		{07F06C74-A2F1-420D-B400-32D34A805743} = {AE34D983-CCFF-419E-9D32-821451C1ADFB}
		{F3CEE0F4-B858-4FB1-8A12-F91132ADF5D6} = {D9D8D486-0FA1-42F7-A71E-4951FF0C3538}
		{52D656A2-A2F4-4C54-A3C7-653427BED1E8} = {AE34D983-CCFF-419E-9D32-821451C1ADFB}
		{BCD03808-CEE2-46F8-A94A-8D9740F0B059} = {FC969359-40D1-4D86-8778-E06D6F8016DA}
		{516192EB-788A-4FE7-B2B7-2EF9AC036B12} = {AE34D983-CCFF-419E-9D32-821451C1ADFB}
		{CC30B33E-62B2-49A2-9394-6FCA5A6FB5A9} = {43065273-F74F-4529-A8FF-0DEA004ECDE7}
		{4F150A30-CECB-49D1-8283-6A3F57438CF5} = {AE34D983-CCFF-419E-9D32-821451C1ADFB}
		{E9A7F1BB-9AF2-4616-943D-548DCE3C005F} = {43065273-F74F-4529-A8FF-0DEA004ECDE7}
		{508797FC-73C2-43BE-B912-A5E25D1B601B} = {45AC4FB9-E99A-44E3-B712-06550A9BD598}
		{263B9CA2-087D-47BA-8BA9-C87844803463} = {45AC4FB9-E99A-44E3-B712-06550A9BD598}
		{8F5BDFC3-5B2C-455B-A765-0A5AC2848AEA} = {D9D8D486-0FA1-42F7-A71E-4951FF0C3538}
		{98554564-27E1-4BB6-BB46-3CFD969C56C2} = {8F5BDFC3-5B2C-455B-A765-0A5AC2848AEA}
		{0D034612-14E2-44E7-993A-72344A2CA7BD} = {AE34D983-CCFF-419E-9D32-821451C1ADFB}
		{FC67F35A-939F-4CE6-9A15-7BB62B4D8CB5} = {8F5BDFC3-5B2C-455B-A765-0A5AC2848AEA}
		{A0D33198-4DED-4FBC-B98F-308E4BE68BB5} = {45AC4FB9-E99A-44E3-B712-06550A9BD598}
		{6ABA622B-96A6-4B34-B370-893F05A13DE5} = {5E2EB15A-FBB7-436C-93F5-808EE01512F0}
		{0A8E13FF-43CB-4DE4-9838-D376E875ABB1} = {5E2EB15A-FBB7-436C-93F5-808EE01512F0}
		{52ED3684-29F1-4B18-A29C-66A4C053678E} = {9BCE20D1-8922-4477-8FAB-3AE145597ABF}
		{3834DDE4-8B0C-46F9-B2EF-AB5B8B92E844} = {9BCE20D1-8922-4477-8FAB-3AE145597ABF}
		{569D8E25-A646-4633-AB18-3C74ADA8BED8} = {9BCE20D1-8922-4477-8FAB-3AE145597ABF}
		{7622BC0C-383F-4E6F-9033-4A06882CEAA4} = {5E78E4FB-11D4-4802-8B3E-9B81C5F60FDA}
		{6B934580-70F1-4C7E-93FB-FCCBBCB0A46F} = {5E78E4FB-11D4-4802-8B3E-9B81C5F60FDA}
		{9D0D6045-355D-4C73-BAC4-A3500A271254} = {5E78E4FB-11D4-4802-8B3E-9B81C5F60FDA}
		{8662B851-A0BF-42C6-813D-770F5EB2503D} = {01B2BDD4-EDEC-402D-8A7A-0AC68B3BA1AA}
		{214F6E54-2715-42D1-9EFD-E2046BF00743} = {01B2BDD4-EDEC-402D-8A7A-0AC68B3BA1AA}
	EndGlobalSection
	GlobalSection(ExtensibilityGlobals) = postSolution
		SolutionGuid = {19B1DB02-12F6-4B09-B23A-FB585D24135C}
	EndGlobalSection
EndGlobal
