
Microsoft Visual Studio Solution File, Format Version 12.00
# Visual Studio Version 17
VisualStudioVersion = 17.6.33815.320
MinimumVisualStudioVersion = 10.0.40219.1
Project("{2150E333-8FDC-42A3-9474-1A3956D46DE8}") = "Engine", "Engine", "{DEA94737-EA81-41EA-841F-9A959A90F26B}"
EndProject
Project("{2150E333-8FDC-42A3-9474-1A3956D46DE8}") = "Framework", "Framework", "{43065273-F74F-4529-A8FF-0DEA004ECDE7}"
EndProject
Project("{8BC9CEB8-8B4A-11D0-8D11-00A0C91BC942}") = "EngineD", "Engine\EngineD\EngineD.vcxproj", "{8C2FA245-7574-4007-B6FA-698F202ADE74}"
EndProject
Project("{2150E333-8FDC-42A3-9474-1A3956D46DE8}") = "VSProps", "VSProps", "{6F61B328-E151-49DA-A38F-4796B6E0B25F}"
	ProjectSection(SolutionItems) = preProject
		VSProps\EngineD.props = VSProps\EngineD.props
		VSProps\EngineLib.props = VSProps\EngineLib.props
		VSProps\FrameworkLib.props = VSProps\FrameworkLib.props
	EndProjectSection
EndProject
Project("{2150E333-8FDC-42A3-9474-1A3956D46DE8}") = "Common", "Common", "{933FB78A-16DB-4A89-A4D7-7B6045723F9E}"
	ProjectSection(SolutionItems) = preProject
		VSProps\Common\Common.props = VSProps\Common\Common.props
		VSProps\Common\Library.props = VSProps\Common\Library.props
	EndProjectSection
EndProject
Project("{8BC9CEB8-8B4A-11D0-8D11-00A0C91BC942}") = "Core", "Framework\Core\Core.vcxproj", "{F49F0859-CEB8-484F-ADC4-996BE6E052A0}"
EndProject
Project("{2150E333-8FDC-42A3-9474-1A3956D46DE8}") = "VGP242", "VGP242", "{E9EDD95A-89E9-4D5F-9EF3-774D9A1DE026}"
EndProject
Project("{8BC9CEB8-8B4A-11D0-8D11-00A0C91BC942}") = "01_HelloWindow", "VGP242\01_HelloWindow\01_HelloWindow.vcxproj", "{4A6AEE64-3E97-4567-AAC0-7935735AB1D2}"
EndProject
Project("{8BC9CEB8-8B4A-11D0-8D11-00A0C91BC942}") = "Math", "Framework\Math\Math.vcxproj", "{00BE117A-5C49-4702-AD66-9FCC6DED22A8}"
EndProject
Project("{8BC9CEB8-8B4A-11D0-8D11-00A0C91BC942}") = "Graphics", "Framework\Graphics\Graphics.vcxproj", "{EE51951E-B2F8-4D7F-843F-3B74B566522A}"
EndProject
Project("{2150E333-8FDC-42A3-9474-1A3956D46DE8}") = "External", "External", "{AE34D983-CCFF-419E-9D32-821451C1ADFB}"
EndProject
Project("{8BC9CEB8-8B4A-11D0-8D11-00A0C91BC942}") = "DirectXTK_Desktop_2019", "External\DirectXTK\DirectXTK_Desktop_2019.vcxproj", "{E0B52AE7-E160-4D32-BF3F-910B785E5A8E}"
EndProject
Project("{8BC9CEB8-8B4A-11D0-8D11-00A0C91BC942}") = "02_HelloShape", "VGP242\02_HelloShape\02_HelloShape.vcxproj", "{A1EA67E6-8967-4DCA-9D1C-52B00C7084F8}"
EndProject
Project("{8BC9CEB8-8B4A-11D0-8D11-00A0C91BC942}") = "Input", "Framework\Input\Input.vcxproj", "{3629F01A-6FED-42EB-B308-E9F7F1346EAF}"
EndProject
Project("{2150E333-8FDC-42A3-9474-1A3956D46DE8}") = "GL", "GL", "{07F06C74-A2F1-420D-B400-32D34A805743}"
EndProject
Project("{2150E333-8FDC-42A3-9474-1A3956D46DE8}") = "Assets", "Assets", "{D9D8D486-0FA1-42F7-A71E-4951FF0C3538}"
EndProject
Project("{2150E333-8FDC-42A3-9474-1A3956D46DE8}") = "Shaders", "Shaders", "{F3CEE0F4-B858-4FB1-8A12-F91132ADF5D6}"
	ProjectSection(SolutionItems) = preProject
		Assets\Shaders\CelEffect.fx = Assets\Shaders\CelEffect.fx
		Assets\Shaders\ComicBook.fx = Assets\Shaders\ComicBook.fx
		Assets\Shaders\CrosshatchEffect.fx = Assets\Shaders\CrosshatchEffect.fx
		Assets\Shaders\DoSomething.fx = Assets\Shaders\DoSomething.fx
		Assets\Shaders\DoTexturing.fx = Assets\Shaders\DoTexturing.fx
		Assets\Shaders\DoTransform.fx = Assets\Shaders\DoTransform.fx
		Assets\Shaders\Fog.fx = Assets\Shaders\Fog.fx
		Assets\Shaders\GaussianBlur.fx = Assets\Shaders\GaussianBlur.fx
		Assets\Shaders\GrassShader.fx = Assets\Shaders\GrassShader.fx
		Assets\Shaders\MoebiusEffect.fx = Assets\Shaders\MoebiusEffect.fx
		Assets\Shaders\NormalMap.fx = Assets\Shaders\NormalMap.fx
		Assets\Shaders\Particle.fx = Assets\Shaders\Particle.fx
		Assets\Shaders\PostProcessing.fx = Assets\Shaders\PostProcessing.fx
		Assets\Shaders\Shadow.fx = Assets\Shaders\Shadow.fx
		Assets\Shaders\Standard.fx = Assets\Shaders\Standard.fx
		Assets\Shaders\Terrain.fx = Assets\Shaders\Terrain.fx
		Assets\Shaders\WaveShader.fx = Assets\Shaders\WaveShader.fx
	EndProjectSection
EndProject
Project("{8BC9CEB8-8B4A-11D0-8D11-00A0C91BC942}") = "03_HelloCube", "VGP242\03_HelloCube\03_HelloCube.vcxproj", "{03F1705D-FACF-4DBF-809C-9653AFA30DAD}"
EndProject
Project("{8BC9CEB8-8B4A-11D0-8D11-00A0C91BC942}") = "04_HelloMeshBuilder", "VGP242\04_HelloMeshBuilder\04_HelloMeshBuilder.vcxproj", "{0A8E13FF-43CB-4DE4-9838-D376E875ABB1}"
EndProject
Project("{8BC9CEB8-8B4A-11D0-8D11-00A0C91BC942}") = "05_HelloSimpleDraw", "VGP242\05_HelloSimpleDraw\05_HelloSimpleDraw.vcxproj", "{FDB02273-CC4D-4937-BF3B-EA29FED323DF}"
EndProject
Project("{8BC9CEB8-8B4A-11D0-8D11-00A0C91BC942}") = "ImGui", "External\ImGui\ImGui.vcxproj", "{52D656A2-A2F4-4C54-A3C7-653427BED1E8}"
EndProject
Project("{8BC9CEB8-8B4A-11D0-8D11-00A0C91BC942}") = "06_HelloImGui", "VGP242\06_HelloImGui\06_HelloImGui.vcxproj", "{B5BB35B5-EB36-4362-8657-4B6D57780D86}"
EndProject
Project("{8BC9CEB8-8B4A-11D0-8D11-00A0C91BC942}") = "242_Final", "VGP242\242_Final\242_Final.vcxproj", "{6ABA622B-96A6-4B34-B370-893F05A13DE5}"
EndProject
Project("{8BC9CEB8-8B4A-11D0-8D11-00A0C91BC942}") = "07_HelloRenderTarget", "VGP242\07_HelloRenderTarget\07_HelloRenderTarget.vcxproj", "{C0C77285-A124-4C79-B9D3-F74A52D3321D}"
EndProject
Project("{2150E333-8FDC-42A3-9474-1A3956D46DE8}") = "VGP330", "VGP330", "{9BCE20D1-8922-4477-8FAB-3AE145597ABF}"
EndProject
Project("{8BC9CEB8-8B4A-11D0-8D11-00A0C91BC942}") = "08_HelloLighting", "VGP330\08_HelloLighting\08_HelloLighting.vcxproj", "{2890129B-3267-4093-84EE-73B3E812AFFD}"
EndProject
Project("{8BC9CEB8-8B4A-11D0-8D11-00A0C91BC942}") = "09_HelloCel", "VGP330\09_HelloCel\09_HelloCel.vcxproj", "{52ED3684-29F1-4B18-A29C-66A4C053678E}"
EndProject
Project("{2150E333-8FDC-42A3-9474-1A3956D46DE8}") = "Tools", "Tools", "{FC969359-40D1-4D86-8778-E06D6F8016DA}"
EndProject
Project("{8BC9CEB8-8B4A-11D0-8D11-00A0C91BC942}") = "ModelImporter", "Tools\ModelImporter\ModelImporter.vcxproj", "{BCD03808-CEE2-46F8-A94A-8D9740F0B059}"
EndProject
Project("{8BC9CEB8-8B4A-11D0-8D11-00A0C91BC942}") = "10_HelloModel", "VGP330\10_HelloModel\10_HelloModel.vcxproj", "{759F6104-8A65-4779-9C43-E57CB5AAEB84}"
EndProject
Project("{8BC9CEB8-8B4A-11D0-8D11-00A0C91BC942}") = "11_HelloPostProcessing", "VGP330\11_HelloPostProcessing\11_HelloPostProcessing.vcxproj", "{3834DDE4-8B0C-46F9-B2EF-AB5B8B92E844}"
EndProject
Project("{8BC9CEB8-8B4A-11D0-8D11-00A0C91BC942}") = "12_HelloGaussianBlur", "VGP330\12_HelloGaussianBlur\12_HelloGaussianBlur.vcxproj", "{2423B8A1-2B6A-4A2A-A599-77E84C2FABC1}"
EndProject
Project("{8BC9CEB8-8B4A-11D0-8D11-00A0C91BC942}") = "13_HelloShadow", "VGP330\13_HelloShadow\13_HelloShadow.vcxproj", "{FE71E9FD-AD5E-40C6-BFFA-E9EB24DF56D3}"
EndProject
Project("{8BC9CEB8-8B4A-11D0-8D11-00A0C91BC942}") = "14_HelloTerrain", "VGP330\14_HelloTerrain\14_HelloTerrain.vcxproj", "{39D5A932-F61B-4E32-9EF5-C39B6FF04C0B}"
EndProject
Project("{8BC9CEB8-8B4A-11D0-8D11-00A0C91BC942}") = "330_Final", "VGP330\330_Final\330_Final.vcxproj", "{569D8E25-A646-4633-AB18-3C74ADA8BED8}"
EndProject
Project("{2150E333-8FDC-42A3-9474-1A3956D46DE8}") = "VGP334", "VGP334", "{5E78E4FB-11D4-4802-8B3E-9B81C5F60FDA}"
EndProject
Project("{8BC9CEB8-8B4A-11D0-8D11-00A0C91BC942}") = "15_HelloQuaternion", "VGP334\15_HelloQuaternion\15_HelloQuaternion.vcxproj", "{13993B4E-1664-4E1F-AF45-5A58E7C114FF}"
EndProject
Project("{8BC9CEB8-8B4A-11D0-8D11-00A0C91BC942}") = "16_HelloAnimation", "VGP334\16_HelloAnimation\16_HelloAnimation.vcxproj", "{DFFCE9F2-1BF7-48DA-B0D7-81DF6E8A1B08}"
EndProject
Project("{8BC9CEB8-8B4A-11D0-8D11-00A0C91BC942}") = "17_HelloSkeleton", "VGP334\17_HelloSkeleton\17_HelloSkeleton.vcxproj", "{88702EF0-2B49-4486-9C92-E274F902FE2F}"
EndProject
Project("{8BC9CEB8-8B4A-11D0-8D11-00A0C91BC942}") = "18_HelloSkeletonAnimation", "VGP334\19_HelloSkeletonAnimation\19_HelloSkeletonAnimation.vcxproj", "{7622BC0C-383F-4E6F-9033-4A06882CEAA4}"
EndProject
Project("{8BC9CEB8-8B4A-11D0-8D11-00A0C91BC942}") = "Bullet", "External\Bullet\Bullet.vcxproj", "{516192EB-788A-4FE7-B2B7-2EF9AC036B12}"
EndProject
Project("{8BC9CEB8-8B4A-11D0-8D11-00A0C91BC942}") = "Physics", "Framework\Physics\Physics.vcxproj", "{CC30B33E-62B2-49A2-9394-6FCA5A6FB5A9}"
EndProject
Project("{8BC9CEB8-8B4A-11D0-8D11-00A0C91BC942}") = "19_HelloPhysics", "VGP334\19_HelloPhysics\19_HelloPhysics.vcxproj", "{14034D8F-0D7B-4BAC-9A38-9E442B8F744D}"
EndProject
Project("{8BC9CEB8-8B4A-11D0-8D11-00A0C91BC942}") = "20_HelloParticleEffects", "VGP334\20_HelloParticleEffects\20_HelloParticleEffects.vcxproj", "{446EBA9A-2268-4F9A-B3A2-710BB9C67011}"
EndProject
Project("{8BC9CEB8-8B4A-11D0-8D11-00A0C91BC942}") = "21_HelloSoftBody", "VGP334\21_HelloSoftBody\21_HelloSoftBody.vcxproj", "{6B934580-70F1-4C7E-93FB-FCCBBCB0A46F}"
EndProject
Project("{8BC9CEB8-8B4A-11D0-8D11-00A0C91BC942}") = "DirectXTKAudio_Desktop_2022_Win8", "External\DirectXTK\Audio\DirectXTKAudio_Desktop_2022_Win8.vcxproj", "{4F150A30-CECB-49D1-8283-6A3F57438CF5}"
EndProject
Project("{8BC9CEB8-8B4A-11D0-8D11-00A0C91BC942}") = "Audio", "Framework\Audio\Audio.vcxproj", "{E9A7F1BB-9AF2-4616-943D-548DCE3C005F}"
EndProject
Project("{8BC9CEB8-8B4A-11D0-8D11-00A0C91BC942}") = "22_HelloSoundEvents", "VGP334\22_HelloSoundEvents\22_HelloSoundEvents.vcxproj", "{1B7F5D08-4C09-4C7B-BFF3-A347499728D8}"
EndProject
Project("{8BC9CEB8-8B4A-11D0-8D11-00A0C91BC942}") = "334_Final", "VGP334\334_Final\334_Final.vcxproj", "{9D0D6045-355D-4C73-BAC4-A3500A271254}"
EndProject
Project("{2150E333-8FDC-42A3-9474-1A3956D46DE8}") = "Rendering", "Rendering", "{45AC4FB9-E99A-44E3-B712-06550A9BD598}"
EndProject
Project("{2150E333-8FDC-42A3-9474-1A3956D46DE8}") = "VGP336", "VGP336", "{01B2BDD4-EDEC-402D-8A7A-0AC68B3BA1AA}"
EndProject
Project("{8BC9CEB8-8B4A-11D0-8D11-00A0C91BC942}") = "23_HelloMemory", "VGP336\23_HelloMemory\23_HelloMemory.vcxproj", "{B4857962-B802-4CAE-BFEA-2F91F72B0A17}"
EndProject
Project("{8BC9CEB8-8B4A-11D0-8D11-00A0C91BC942}") = "Grass_Demo", "Rendering\Grass_Demo\Grass_Demo.vcxproj", "{508797FC-73C2-43BE-B912-A5E25D1B601B}"
EndProject
Project("{8BC9CEB8-8B4A-11D0-8D11-00A0C91BC942}") = "Waves_Demo", "Rendering\Waves_Demo\Waves_Demo.vcxproj", "{263B9CA2-087D-47BA-8BA9-C87844803463}"
EndProject
Project("{8BC9CEB8-8B4A-11D0-8D11-00A0C91BC942}") = "24_HelloGameObject", "VGP336\24_HelloGameObject\24_HelloGameObject.vcxproj", "{8D7FE5A0-8FCB-496B-AF2B-6963841A8820}"
EndProject
Project("{2150E333-8FDC-42A3-9474-1A3956D46DE8}") = "Templates", "Templates", "{8F5BDFC3-5B2C-455B-A765-0A5AC2848AEA}"
	ProjectSection(SolutionItems) = preProject
		Assets\Templates\fps_camera.json = Assets\Templates\fps_camera.json
		Assets\Templates\testObject.json = Assets\Templates\testObject.json
	EndProjectSection
EndProject
Project("{8BC9CEB8-8B4A-11D0-8D11-00A0C91BC942}") = "25_HelloGameObjectFactory", "VGP336\25_HelloGameObjectFactory\25_HelloGameObjectFactory.vcxproj", "{9DB204E9-8694-4067-9C3F-3F65C821C99A}"
EndProject
Global
	GlobalSection(SolutionConfigurationPlatforms) = preSolution
		Debug|x64 = Debug|x64
		Debug|x86 = Debug|x86
		Release|x64 = Release|x64
		Release|x86 = Release|x86
	EndGlobalSection
	GlobalSection(ProjectConfigurationPlatforms) = postSolution
		{8C2FA245-7574-4007-B6FA-698F202ADE74}.Debug|x64.ActiveCfg = Debug|x64
		{8C2FA245-7574-4007-B6FA-698F202ADE74}.Debug|x64.Build.0 = Debug|x64
		{8C2FA245-7574-4007-B6FA-698F202ADE74}.Debug|x86.ActiveCfg = Debug|Win32
		{8C2FA245-7574-4007-B6FA-698F202ADE74}.Debug|x86.Build.0 = Debug|Win32
		{8C2FA245-7574-4007-B6FA-698F202ADE74}.Release|x64.ActiveCfg = Release|x64
		{8C2FA245-7574-4007-B6FA-698F202ADE74}.Release|x64.Build.0 = Release|x64
		{8C2FA245-7574-4007-B6FA-698F202ADE74}.Release|x86.ActiveCfg = Release|Win32
		{8C2FA245-7574-4007-B6FA-698F202ADE74}.Release|x86.Build.0 = Release|Win32
		{F49F0859-CEB8-484F-ADC4-996BE6E052A0}.Debug|x64.ActiveCfg = Debug|x64
		{F49F0859-CEB8-484F-ADC4-996BE6E052A0}.Debug|x64.Build.0 = Debug|x64
		{F49F0859-CEB8-484F-ADC4-996BE6E052A0}.Debug|x86.ActiveCfg = Debug|Win32
		{F49F0859-CEB8-484F-ADC4-996BE6E052A0}.Debug|x86.Build.0 = Debug|Win32
		{F49F0859-CEB8-484F-ADC4-996BE6E052A0}.Release|x64.ActiveCfg = Release|x64
		{F49F0859-CEB8-484F-ADC4-996BE6E052A0}.Release|x64.Build.0 = Release|x64
		{F49F0859-CEB8-484F-ADC4-996BE6E052A0}.Release|x86.ActiveCfg = Release|Win32
		{F49F0859-CEB8-484F-ADC4-996BE6E052A0}.Release|x86.Build.0 = Release|Win32
		{4A6AEE64-3E97-4567-AAC0-7935735AB1D2}.Debug|x64.ActiveCfg = Debug|x64
		{4A6AEE64-3E97-4567-AAC0-7935735AB1D2}.Debug|x64.Build.0 = Debug|x64
		{4A6AEE64-3E97-4567-AAC0-7935735AB1D2}.Debug|x86.ActiveCfg = Debug|Win32
		{4A6AEE64-3E97-4567-AAC0-7935735AB1D2}.Debug|x86.Build.0 = Debug|Win32
		{4A6AEE64-3E97-4567-AAC0-7935735AB1D2}.Release|x64.ActiveCfg = Release|x64
		{4A6AEE64-3E97-4567-AAC0-7935735AB1D2}.Release|x64.Build.0 = Release|x64
		{4A6AEE64-3E97-4567-AAC0-7935735AB1D2}.Release|x86.ActiveCfg = Release|Win32
		{4A6AEE64-3E97-4567-AAC0-7935735AB1D2}.Release|x86.Build.0 = Release|Win32
		{00BE117A-5C49-4702-AD66-9FCC6DED22A8}.Debug|x64.ActiveCfg = Debug|x64
		{00BE117A-5C49-4702-AD66-9FCC6DED22A8}.Debug|x64.Build.0 = Debug|x64
		{00BE117A-5C49-4702-AD66-9FCC6DED22A8}.Debug|x86.ActiveCfg = Debug|Win32
		{00BE117A-5C49-4702-AD66-9FCC6DED22A8}.Debug|x86.Build.0 = Debug|Win32
		{00BE117A-5C49-4702-AD66-9FCC6DED22A8}.Release|x64.ActiveCfg = Release|x64
		{00BE117A-5C49-4702-AD66-9FCC6DED22A8}.Release|x64.Build.0 = Release|x64
		{00BE117A-5C49-4702-AD66-9FCC6DED22A8}.Release|x86.ActiveCfg = Release|Win32
		{00BE117A-5C49-4702-AD66-9FCC6DED22A8}.Release|x86.Build.0 = Release|Win32
		{EE51951E-B2F8-4D7F-843F-3B74B566522A}.Debug|x64.ActiveCfg = Debug|x64
		{EE51951E-B2F8-4D7F-843F-3B74B566522A}.Debug|x64.Build.0 = Debug|x64
		{EE51951E-B2F8-4D7F-843F-3B74B566522A}.Debug|x86.ActiveCfg = Debug|Win32
		{EE51951E-B2F8-4D7F-843F-3B74B566522A}.Debug|x86.Build.0 = Debug|Win32
		{EE51951E-B2F8-4D7F-843F-3B74B566522A}.Release|x64.ActiveCfg = Release|x64
		{EE51951E-B2F8-4D7F-843F-3B74B566522A}.Release|x64.Build.0 = Release|x64
		{EE51951E-B2F8-4D7F-843F-3B74B566522A}.Release|x86.ActiveCfg = Release|Win32
		{EE51951E-B2F8-4D7F-843F-3B74B566522A}.Release|x86.Build.0 = Release|Win32
		{E0B52AE7-E160-4D32-BF3F-910B785E5A8E}.Debug|x64.ActiveCfg = Debug|x64
		{E0B52AE7-E160-4D32-BF3F-910B785E5A8E}.Debug|x64.Build.0 = Debug|x64
		{E0B52AE7-E160-4D32-BF3F-910B785E5A8E}.Debug|x86.ActiveCfg = Debug|Win32
		{E0B52AE7-E160-4D32-BF3F-910B785E5A8E}.Debug|x86.Build.0 = Debug|Win32
		{E0B52AE7-E160-4D32-BF3F-910B785E5A8E}.Release|x64.ActiveCfg = Release|x64
		{E0B52AE7-E160-4D32-BF3F-910B785E5A8E}.Release|x64.Build.0 = Release|x64
		{E0B52AE7-E160-4D32-BF3F-910B785E5A8E}.Release|x86.ActiveCfg = Release|Win32
		{E0B52AE7-E160-4D32-BF3F-910B785E5A8E}.Release|x86.Build.0 = Release|Win32
		{A1EA67E6-8967-4DCA-9D1C-52B00C7084F8}.Debug|x64.ActiveCfg = Debug|x64
		{A1EA67E6-8967-4DCA-9D1C-52B00C7084F8}.Debug|x64.Build.0 = Debug|x64
		{A1EA67E6-8967-4DCA-9D1C-52B00C7084F8}.Debug|x86.ActiveCfg = Debug|Win32
		{A1EA67E6-8967-4DCA-9D1C-52B00C7084F8}.Debug|x86.Build.0 = Debug|Win32
		{A1EA67E6-8967-4DCA-9D1C-52B00C7084F8}.Release|x64.ActiveCfg = Release|x64
		{A1EA67E6-8967-4DCA-9D1C-52B00C7084F8}.Release|x64.Build.0 = Release|x64
		{A1EA67E6-8967-4DCA-9D1C-52B00C7084F8}.Release|x86.ActiveCfg = Release|Win32
		{A1EA67E6-8967-4DCA-9D1C-52B00C7084F8}.Release|x86.Build.0 = Release|Win32
		{3629F01A-6FED-42EB-B308-E9F7F1346EAF}.Debug|x64.ActiveCfg = Debug|x64
		{3629F01A-6FED-42EB-B308-E9F7F1346EAF}.Debug|x64.Build.0 = Debug|x64
		{3629F01A-6FED-42EB-B308-E9F7F1346EAF}.Debug|x86.ActiveCfg = Debug|Win32
		{3629F01A-6FED-42EB-B308-E9F7F1346EAF}.Debug|x86.Build.0 = Debug|Win32
		{3629F01A-6FED-42EB-B308-E9F7F1346EAF}.Release|x64.ActiveCfg = Release|x64
		{3629F01A-6FED-42EB-B308-E9F7F1346EAF}.Release|x64.Build.0 = Release|x64
		{3629F01A-6FED-42EB-B308-E9F7F1346EAF}.Release|x86.ActiveCfg = Release|Win32
		{3629F01A-6FED-42EB-B308-E9F7F1346EAF}.Release|x86.Build.0 = Release|Win32
		{03F1705D-FACF-4DBF-809C-9653AFA30DAD}.Debug|x64.ActiveCfg = Debug|x64
		{03F1705D-FACF-4DBF-809C-9653AFA30DAD}.Debug|x64.Build.0 = Debug|x64
		{03F1705D-FACF-4DBF-809C-9653AFA30DAD}.Debug|x86.ActiveCfg = Debug|Win32
		{03F1705D-FACF-4DBF-809C-9653AFA30DAD}.Debug|x86.Build.0 = Debug|Win32
		{03F1705D-FACF-4DBF-809C-9653AFA30DAD}.Release|x64.ActiveCfg = Release|x64
		{03F1705D-FACF-4DBF-809C-9653AFA30DAD}.Release|x64.Build.0 = Release|x64
		{03F1705D-FACF-4DBF-809C-9653AFA30DAD}.Release|x86.ActiveCfg = Release|Win32
		{03F1705D-FACF-4DBF-809C-9653AFA30DAD}.Release|x86.Build.0 = Release|Win32
		{0A8E13FF-43CB-4DE4-9838-D376E875ABB1}.Debug|x64.ActiveCfg = Debug|x64
		{0A8E13FF-43CB-4DE4-9838-D376E875ABB1}.Debug|x64.Build.0 = Debug|x64
		{0A8E13FF-43CB-4DE4-9838-D376E875ABB1}.Debug|x86.ActiveCfg = Debug|Win32
		{0A8E13FF-43CB-4DE4-9838-D376E875ABB1}.Debug|x86.Build.0 = Debug|Win32
		{0A8E13FF-43CB-4DE4-9838-D376E875ABB1}.Release|x64.ActiveCfg = Release|x64
		{0A8E13FF-43CB-4DE4-9838-D376E875ABB1}.Release|x64.Build.0 = Release|x64
		{0A8E13FF-43CB-4DE4-9838-D376E875ABB1}.Release|x86.ActiveCfg = Release|Win32
		{0A8E13FF-43CB-4DE4-9838-D376E875ABB1}.Release|x86.Build.0 = Release|Win32
		{FDB02273-CC4D-4937-BF3B-EA29FED323DF}.Debug|x64.ActiveCfg = Debug|x64
		{FDB02273-CC4D-4937-BF3B-EA29FED323DF}.Debug|x64.Build.0 = Debug|x64
		{FDB02273-CC4D-4937-BF3B-EA29FED323DF}.Debug|x86.ActiveCfg = Debug|Win32
		{FDB02273-CC4D-4937-BF3B-EA29FED323DF}.Debug|x86.Build.0 = Debug|Win32
		{FDB02273-CC4D-4937-BF3B-EA29FED323DF}.Release|x64.ActiveCfg = Release|x64
		{FDB02273-CC4D-4937-BF3B-EA29FED323DF}.Release|x64.Build.0 = Release|x64
		{FDB02273-CC4D-4937-BF3B-EA29FED323DF}.Release|x86.ActiveCfg = Release|Win32
		{FDB02273-CC4D-4937-BF3B-EA29FED323DF}.Release|x86.Build.0 = Release|Win32
		{52D656A2-A2F4-4C54-A3C7-653427BED1E8}.Debug|x64.ActiveCfg = Debug|x64
		{52D656A2-A2F4-4C54-A3C7-653427BED1E8}.Debug|x64.Build.0 = Debug|x64
		{52D656A2-A2F4-4C54-A3C7-653427BED1E8}.Debug|x86.ActiveCfg = Debug|Win32
		{52D656A2-A2F4-4C54-A3C7-653427BED1E8}.Debug|x86.Build.0 = Debug|Win32
		{52D656A2-A2F4-4C54-A3C7-653427BED1E8}.Release|x64.ActiveCfg = Release|x64
		{52D656A2-A2F4-4C54-A3C7-653427BED1E8}.Release|x64.Build.0 = Release|x64
		{52D656A2-A2F4-4C54-A3C7-653427BED1E8}.Release|x86.ActiveCfg = Release|Win32
		{52D656A2-A2F4-4C54-A3C7-653427BED1E8}.Release|x86.Build.0 = Release|Win32
		{B5BB35B5-EB36-4362-8657-4B6D57780D86}.Debug|x64.ActiveCfg = Debug|x64
		{B5BB35B5-EB36-4362-8657-4B6D57780D86}.Debug|x64.Build.0 = Debug|x64
		{B5BB35B5-EB36-4362-8657-4B6D57780D86}.Debug|x86.ActiveCfg = Debug|Win32
		{B5BB35B5-EB36-4362-8657-4B6D57780D86}.Debug|x86.Build.0 = Debug|Win32
		{B5BB35B5-EB36-4362-8657-4B6D57780D86}.Release|x64.ActiveCfg = Release|x64
		{B5BB35B5-EB36-4362-8657-4B6D57780D86}.Release|x64.Build.0 = Release|x64
		{B5BB35B5-EB36-4362-8657-4B6D57780D86}.Release|x86.ActiveCfg = Release|Win32
		{B5BB35B5-EB36-4362-8657-4B6D57780D86}.Release|x86.Build.0 = Release|Win32
		{6ABA622B-96A6-4B34-B370-893F05A13DE5}.Debug|x64.ActiveCfg = Debug|x64
		{6ABA622B-96A6-4B34-B370-893F05A13DE5}.Debug|x64.Build.0 = Debug|x64
		{6ABA622B-96A6-4B34-B370-893F05A13DE5}.Debug|x86.ActiveCfg = Debug|Win32
		{6ABA622B-96A6-4B34-B370-893F05A13DE5}.Debug|x86.Build.0 = Debug|Win32
		{6ABA622B-96A6-4B34-B370-893F05A13DE5}.Release|x64.ActiveCfg = Release|x64
		{6ABA622B-96A6-4B34-B370-893F05A13DE5}.Release|x64.Build.0 = Release|x64
		{6ABA622B-96A6-4B34-B370-893F05A13DE5}.Release|x86.ActiveCfg = Release|Win32
		{6ABA622B-96A6-4B34-B370-893F05A13DE5}.Release|x86.Build.0 = Release|Win32
		{C0C77285-A124-4C79-B9D3-F74A52D3321D}.Debug|x64.ActiveCfg = Debug|x64
		{C0C77285-A124-4C79-B9D3-F74A52D3321D}.Debug|x64.Build.0 = Debug|x64
		{C0C77285-A124-4C79-B9D3-F74A52D3321D}.Debug|x86.ActiveCfg = Debug|Win32
		{C0C77285-A124-4C79-B9D3-F74A52D3321D}.Debug|x86.Build.0 = Debug|Win32
		{C0C77285-A124-4C79-B9D3-F74A52D3321D}.Release|x64.ActiveCfg = Release|x64
		{C0C77285-A124-4C79-B9D3-F74A52D3321D}.Release|x64.Build.0 = Release|x64
		{C0C77285-A124-4C79-B9D3-F74A52D3321D}.Release|x86.ActiveCfg = Release|Win32
		{C0C77285-A124-4C79-B9D3-F74A52D3321D}.Release|x86.Build.0 = Release|Win32
		{2890129B-3267-4093-84EE-73B3E812AFFD}.Debug|x64.ActiveCfg = Debug|x64
		{2890129B-3267-4093-84EE-73B3E812AFFD}.Debug|x64.Build.0 = Debug|x64
		{2890129B-3267-4093-84EE-73B3E812AFFD}.Debug|x86.ActiveCfg = Debug|Win32
		{2890129B-3267-4093-84EE-73B3E812AFFD}.Debug|x86.Build.0 = Debug|Win32
		{2890129B-3267-4093-84EE-73B3E812AFFD}.Release|x64.ActiveCfg = Release|x64
		{2890129B-3267-4093-84EE-73B3E812AFFD}.Release|x64.Build.0 = Release|x64
		{2890129B-3267-4093-84EE-73B3E812AFFD}.Release|x86.ActiveCfg = Release|Win32
		{2890129B-3267-4093-84EE-73B3E812AFFD}.Release|x86.Build.0 = Release|Win32
		{52ED3684-29F1-4B18-A29C-66A4C053678E}.Debug|x64.ActiveCfg = Debug|x64
		{52ED3684-29F1-4B18-A29C-66A4C053678E}.Debug|x64.Build.0 = Debug|x64
		{52ED3684-29F1-4B18-A29C-66A4C053678E}.Debug|x86.ActiveCfg = Debug|Win32
		{52ED3684-29F1-4B18-A29C-66A4C053678E}.Debug|x86.Build.0 = Debug|Win32
		{52ED3684-29F1-4B18-A29C-66A4C053678E}.Release|x64.ActiveCfg = Release|x64
		{52ED3684-29F1-4B18-A29C-66A4C053678E}.Release|x64.Build.0 = Release|x64
		{52ED3684-29F1-4B18-A29C-66A4C053678E}.Release|x86.ActiveCfg = Release|Win32
		{52ED3684-29F1-4B18-A29C-66A4C053678E}.Release|x86.Build.0 = Release|Win32
		{BCD03808-CEE2-46F8-A94A-8D9740F0B059}.Debug|x64.ActiveCfg = Debug|x64
		{BCD03808-CEE2-46F8-A94A-8D9740F0B059}.Debug|x64.Build.0 = Debug|x64
		{BCD03808-CEE2-46F8-A94A-8D9740F0B059}.Debug|x86.ActiveCfg = Debug|Win32
		{BCD03808-CEE2-46F8-A94A-8D9740F0B059}.Debug|x86.Build.0 = Debug|Win32
		{BCD03808-CEE2-46F8-A94A-8D9740F0B059}.Release|x64.ActiveCfg = Release|x64
		{BCD03808-CEE2-46F8-A94A-8D9740F0B059}.Release|x64.Build.0 = Release|x64
		{BCD03808-CEE2-46F8-A94A-8D9740F0B059}.Release|x86.ActiveCfg = Release|Win32
		{BCD03808-CEE2-46F8-A94A-8D9740F0B059}.Release|x86.Build.0 = Release|Win32
		{759F6104-8A65-4779-9C43-E57CB5AAEB84}.Debug|x64.ActiveCfg = Debug|x64
		{759F6104-8A65-4779-9C43-E57CB5AAEB84}.Debug|x64.Build.0 = Debug|x64
		{759F6104-8A65-4779-9C43-E57CB5AAEB84}.Debug|x86.ActiveCfg = Debug|Win32
		{759F6104-8A65-4779-9C43-E57CB5AAEB84}.Debug|x86.Build.0 = Debug|Win32
		{759F6104-8A65-4779-9C43-E57CB5AAEB84}.Release|x64.ActiveCfg = Release|x64
		{759F6104-8A65-4779-9C43-E57CB5AAEB84}.Release|x64.Build.0 = Release|x64
		{759F6104-8A65-4779-9C43-E57CB5AAEB84}.Release|x86.ActiveCfg = Release|Win32
		{759F6104-8A65-4779-9C43-E57CB5AAEB84}.Release|x86.Build.0 = Release|Win32
		{3834DDE4-8B0C-46F9-B2EF-AB5B8B92E844}.Debug|x64.ActiveCfg = Debug|x64
		{3834DDE4-8B0C-46F9-B2EF-AB5B8B92E844}.Debug|x64.Build.0 = Debug|x64
		{3834DDE4-8B0C-46F9-B2EF-AB5B8B92E844}.Debug|x86.ActiveCfg = Debug|Win32
		{3834DDE4-8B0C-46F9-B2EF-AB5B8B92E844}.Debug|x86.Build.0 = Debug|Win32
		{3834DDE4-8B0C-46F9-B2EF-AB5B8B92E844}.Release|x64.ActiveCfg = Release|x64
		{3834DDE4-8B0C-46F9-B2EF-AB5B8B92E844}.Release|x64.Build.0 = Release|x64
		{3834DDE4-8B0C-46F9-B2EF-AB5B8B92E844}.Release|x86.ActiveCfg = Release|Win32
		{3834DDE4-8B0C-46F9-B2EF-AB5B8B92E844}.Release|x86.Build.0 = Release|Win32
		{2423B8A1-2B6A-4A2A-A599-77E84C2FABC1}.Debug|x64.ActiveCfg = Debug|x64
		{2423B8A1-2B6A-4A2A-A599-77E84C2FABC1}.Debug|x64.Build.0 = Debug|x64
		{2423B8A1-2B6A-4A2A-A599-77E84C2FABC1}.Debug|x86.ActiveCfg = Debug|Win32
		{2423B8A1-2B6A-4A2A-A599-77E84C2FABC1}.Debug|x86.Build.0 = Debug|Win32
		{2423B8A1-2B6A-4A2A-A599-77E84C2FABC1}.Release|x64.ActiveCfg = Release|x64
		{2423B8A1-2B6A-4A2A-A599-77E84C2FABC1}.Release|x64.Build.0 = Release|x64
		{2423B8A1-2B6A-4A2A-A599-77E84C2FABC1}.Release|x86.ActiveCfg = Release|Win32
		{2423B8A1-2B6A-4A2A-A599-77E84C2FABC1}.Release|x86.Build.0 = Release|Win32
		{FE71E9FD-AD5E-40C6-BFFA-E9EB24DF56D3}.Debug|x64.ActiveCfg = Debug|x64
		{FE71E9FD-AD5E-40C6-BFFA-E9EB24DF56D3}.Debug|x64.Build.0 = Debug|x64
		{FE71E9FD-AD5E-40C6-BFFA-E9EB24DF56D3}.Debug|x86.ActiveCfg = Debug|Win32
		{FE71E9FD-AD5E-40C6-BFFA-E9EB24DF56D3}.Debug|x86.Build.0 = Debug|Win32
		{FE71E9FD-AD5E-40C6-BFFA-E9EB24DF56D3}.Release|x64.ActiveCfg = Release|x64
		{FE71E9FD-AD5E-40C6-BFFA-E9EB24DF56D3}.Release|x64.Build.0 = Release|x64
		{FE71E9FD-AD5E-40C6-BFFA-E9EB24DF56D3}.Release|x86.ActiveCfg = Release|Win32
		{FE71E9FD-AD5E-40C6-BFFA-E9EB24DF56D3}.Release|x86.Build.0 = Release|Win32
		{39D5A932-F61B-4E32-9EF5-C39B6FF04C0B}.Debug|x64.ActiveCfg = Debug|x64
		{39D5A932-F61B-4E32-9EF5-C39B6FF04C0B}.Debug|x64.Build.0 = Debug|x64
		{39D5A932-F61B-4E32-9EF5-C39B6FF04C0B}.Debug|x86.ActiveCfg = Debug|Win32
		{39D5A932-F61B-4E32-9EF5-C39B6FF04C0B}.Debug|x86.Build.0 = Debug|Win32
		{39D5A932-F61B-4E32-9EF5-C39B6FF04C0B}.Release|x64.ActiveCfg = Release|x64
		{39D5A932-F61B-4E32-9EF5-C39B6FF04C0B}.Release|x64.Build.0 = Release|x64
		{39D5A932-F61B-4E32-9EF5-C39B6FF04C0B}.Release|x86.ActiveCfg = Release|Win32
		{39D5A932-F61B-4E32-9EF5-C39B6FF04C0B}.Release|x86.Build.0 = Release|Win32
		{569D8E25-A646-4633-AB18-3C74ADA8BED8}.Debug|x64.ActiveCfg = Debug|x64
		{569D8E25-A646-4633-AB18-3C74ADA8BED8}.Debug|x64.Build.0 = Debug|x64
		{569D8E25-A646-4633-AB18-3C74ADA8BED8}.Debug|x86.ActiveCfg = Debug|Win32
		{569D8E25-A646-4633-AB18-3C74ADA8BED8}.Debug|x86.Build.0 = Debug|Win32
		{569D8E25-A646-4633-AB18-3C74ADA8BED8}.Release|x64.ActiveCfg = Release|x64
		{569D8E25-A646-4633-AB18-3C74ADA8BED8}.Release|x64.Build.0 = Release|x64
		{569D8E25-A646-4633-AB18-3C74ADA8BED8}.Release|x86.ActiveCfg = Release|Win32
		{569D8E25-A646-4633-AB18-3C74ADA8BED8}.Release|x86.Build.0 = Release|Win32
		{13993B4E-1664-4E1F-AF45-5A58E7C114FF}.Debug|x64.ActiveCfg = Debug|x64
		{13993B4E-1664-4E1F-AF45-5A58E7C114FF}.Debug|x64.Build.0 = Debug|x64
		{13993B4E-1664-4E1F-AF45-5A58E7C114FF}.Debug|x86.ActiveCfg = Debug|Win32
		{13993B4E-1664-4E1F-AF45-5A58E7C114FF}.Debug|x86.Build.0 = Debug|Win32
		{13993B4E-1664-4E1F-AF45-5A58E7C114FF}.Release|x64.ActiveCfg = Release|x64
		{13993B4E-1664-4E1F-AF45-5A58E7C114FF}.Release|x64.Build.0 = Release|x64
		{13993B4E-1664-4E1F-AF45-5A58E7C114FF}.Release|x86.ActiveCfg = Release|Win32
		{13993B4E-1664-4E1F-AF45-5A58E7C114FF}.Release|x86.Build.0 = Release|Win32
		{DFFCE9F2-1BF7-48DA-B0D7-81DF6E8A1B08}.Debug|x64.ActiveCfg = Debug|x64
		{DFFCE9F2-1BF7-48DA-B0D7-81DF6E8A1B08}.Debug|x64.Build.0 = Debug|x64
		{DFFCE9F2-1BF7-48DA-B0D7-81DF6E8A1B08}.Debug|x86.ActiveCfg = Debug|Win32
		{DFFCE9F2-1BF7-48DA-B0D7-81DF6E8A1B08}.Debug|x86.Build.0 = Debug|Win32
		{DFFCE9F2-1BF7-48DA-B0D7-81DF6E8A1B08}.Release|x64.ActiveCfg = Release|x64
		{DFFCE9F2-1BF7-48DA-B0D7-81DF6E8A1B08}.Release|x64.Build.0 = Release|x64
		{DFFCE9F2-1BF7-48DA-B0D7-81DF6E8A1B08}.Release|x86.ActiveCfg = Release|Win32
		{DFFCE9F2-1BF7-48DA-B0D7-81DF6E8A1B08}.Release|x86.Build.0 = Release|Win32
		{88702EF0-2B49-4486-9C92-E274F902FE2F}.Debug|x64.ActiveCfg = Debug|x64
		{88702EF0-2B49-4486-9C92-E274F902FE2F}.Debug|x64.Build.0 = Debug|x64
		{88702EF0-2B49-4486-9C92-E274F902FE2F}.Debug|x86.ActiveCfg = Debug|Win32
		{88702EF0-2B49-4486-9C92-E274F902FE2F}.Debug|x86.Build.0 = Debug|Win32
		{88702EF0-2B49-4486-9C92-E274F902FE2F}.Release|x64.ActiveCfg = Release|x64
		{88702EF0-2B49-4486-9C92-E274F902FE2F}.Release|x64.Build.0 = Release|x64
		{88702EF0-2B49-4486-9C92-E274F902FE2F}.Release|x86.ActiveCfg = Release|Win32
		{88702EF0-2B49-4486-9C92-E274F902FE2F}.Release|x86.Build.0 = Release|Win32
		{7622BC0C-383F-4E6F-9033-4A06882CEAA4}.Debug|x64.ActiveCfg = Debug|x64
		{7622BC0C-383F-4E6F-9033-4A06882CEAA4}.Debug|x64.Build.0 = Debug|x64
		{7622BC0C-383F-4E6F-9033-4A06882CEAA4}.Debug|x86.ActiveCfg = Debug|Win32
		{7622BC0C-383F-4E6F-9033-4A06882CEAA4}.Debug|x86.Build.0 = Debug|Win32
		{7622BC0C-383F-4E6F-9033-4A06882CEAA4}.Release|x64.ActiveCfg = Release|x64
		{7622BC0C-383F-4E6F-9033-4A06882CEAA4}.Release|x64.Build.0 = Release|x64
		{7622BC0C-383F-4E6F-9033-4A06882CEAA4}.Release|x86.ActiveCfg = Release|Win32
		{7622BC0C-383F-4E6F-9033-4A06882CEAA4}.Release|x86.Build.0 = Release|Win32
		{516192EB-788A-4FE7-B2B7-2EF9AC036B12}.Debug|x64.ActiveCfg = Debug|x64
		{516192EB-788A-4FE7-B2B7-2EF9AC036B12}.Debug|x64.Build.0 = Debug|x64
		{516192EB-788A-4FE7-B2B7-2EF9AC036B12}.Debug|x86.ActiveCfg = Debug|Win32
		{516192EB-788A-4FE7-B2B7-2EF9AC036B12}.Debug|x86.Build.0 = Debug|Win32
		{516192EB-788A-4FE7-B2B7-2EF9AC036B12}.Release|x64.ActiveCfg = Release|x64
		{516192EB-788A-4FE7-B2B7-2EF9AC036B12}.Release|x64.Build.0 = Release|x64
		{516192EB-788A-4FE7-B2B7-2EF9AC036B12}.Release|x86.ActiveCfg = Release|Win32
		{516192EB-788A-4FE7-B2B7-2EF9AC036B12}.Release|x86.Build.0 = Release|Win32
		{CC30B33E-62B2-49A2-9394-6FCA5A6FB5A9}.Debug|x64.ActiveCfg = Debug|x64
		{CC30B33E-62B2-49A2-9394-6FCA5A6FB5A9}.Debug|x64.Build.0 = Debug|x64
		{CC30B33E-62B2-49A2-9394-6FCA5A6FB5A9}.Debug|x86.ActiveCfg = Debug|Win32
		{CC30B33E-62B2-49A2-9394-6FCA5A6FB5A9}.Debug|x86.Build.0 = Debug|Win32
		{CC30B33E-62B2-49A2-9394-6FCA5A6FB5A9}.Release|x64.ActiveCfg = Release|x64
		{CC30B33E-62B2-49A2-9394-6FCA5A6FB5A9}.Release|x64.Build.0 = Release|x64
		{CC30B33E-62B2-49A2-9394-6FCA5A6FB5A9}.Release|x86.ActiveCfg = Release|Win32
		{CC30B33E-62B2-49A2-9394-6FCA5A6FB5A9}.Release|x86.Build.0 = Release|Win32
		{14034D8F-0D7B-4BAC-9A38-9E442B8F744D}.Debug|x64.ActiveCfg = Debug|x64
		{14034D8F-0D7B-4BAC-9A38-9E442B8F744D}.Debug|x64.Build.0 = Debug|x64
		{14034D8F-0D7B-4BAC-9A38-9E442B8F744D}.Debug|x86.ActiveCfg = Debug|Win32
		{14034D8F-0D7B-4BAC-9A38-9E442B8F744D}.Debug|x86.Build.0 = Debug|Win32
		{14034D8F-0D7B-4BAC-9A38-9E442B8F744D}.Release|x64.ActiveCfg = Release|x64
		{14034D8F-0D7B-4BAC-9A38-9E442B8F744D}.Release|x64.Build.0 = Release|x64
		{14034D8F-0D7B-4BAC-9A38-9E442B8F744D}.Release|x86.ActiveCfg = Release|Win32
		{14034D8F-0D7B-4BAC-9A38-9E442B8F744D}.Release|x86.Build.0 = Release|Win32
		{446EBA9A-2268-4F9A-B3A2-710BB9C67011}.Debug|x64.ActiveCfg = Debug|x64
		{446EBA9A-2268-4F9A-B3A2-710BB9C67011}.Debug|x64.Build.0 = Debug|x64
		{446EBA9A-2268-4F9A-B3A2-710BB9C67011}.Debug|x86.ActiveCfg = Debug|Win32
		{446EBA9A-2268-4F9A-B3A2-710BB9C67011}.Debug|x86.Build.0 = Debug|Win32
		{446EBA9A-2268-4F9A-B3A2-710BB9C67011}.Release|x64.ActiveCfg = Release|x64
		{446EBA9A-2268-4F9A-B3A2-710BB9C67011}.Release|x64.Build.0 = Release|x64
		{446EBA9A-2268-4F9A-B3A2-710BB9C67011}.Release|x86.ActiveCfg = Release|Win32
		{446EBA9A-2268-4F9A-B3A2-710BB9C67011}.Release|x86.Build.0 = Release|Win32
		{6B934580-70F1-4C7E-93FB-FCCBBCB0A46F}.Debug|x64.ActiveCfg = Debug|x64
		{6B934580-70F1-4C7E-93FB-FCCBBCB0A46F}.Debug|x64.Build.0 = Debug|x64
		{6B934580-70F1-4C7E-93FB-FCCBBCB0A46F}.Debug|x86.ActiveCfg = Debug|Win32
		{6B934580-70F1-4C7E-93FB-FCCBBCB0A46F}.Debug|x86.Build.0 = Debug|Win32
		{6B934580-70F1-4C7E-93FB-FCCBBCB0A46F}.Release|x64.ActiveCfg = Release|x64
		{6B934580-70F1-4C7E-93FB-FCCBBCB0A46F}.Release|x64.Build.0 = Release|x64
		{6B934580-70F1-4C7E-93FB-FCCBBCB0A46F}.Release|x86.ActiveCfg = Release|Win32
		{6B934580-70F1-4C7E-93FB-FCCBBCB0A46F}.Release|x86.Build.0 = Release|Win32
		{4F150A30-CECB-49D1-8283-6A3F57438CF5}.Debug|x64.ActiveCfg = Debug|x64
		{4F150A30-CECB-49D1-8283-6A3F57438CF5}.Debug|x64.Build.0 = Debug|x64
		{4F150A30-CECB-49D1-8283-6A3F57438CF5}.Debug|x86.ActiveCfg = Debug|Win32
		{4F150A30-CECB-49D1-8283-6A3F57438CF5}.Debug|x86.Build.0 = Debug|Win32
		{4F150A30-CECB-49D1-8283-6A3F57438CF5}.Release|x64.ActiveCfg = Release|x64
		{4F150A30-CECB-49D1-8283-6A3F57438CF5}.Release|x64.Build.0 = Release|x64
		{4F150A30-CECB-49D1-8283-6A3F57438CF5}.Release|x86.ActiveCfg = Release|Win32
		{4F150A30-CECB-49D1-8283-6A3F57438CF5}.Release|x86.Build.0 = Release|Win32
		{E9A7F1BB-9AF2-4616-943D-548DCE3C005F}.Debug|x64.ActiveCfg = Debug|x64
		{E9A7F1BB-9AF2-4616-943D-548DCE3C005F}.Debug|x64.Build.0 = Debug|x64
		{E9A7F1BB-9AF2-4616-943D-548DCE3C005F}.Debug|x86.ActiveCfg = Debug|Win32
		{E9A7F1BB-9AF2-4616-943D-548DCE3C005F}.Debug|x86.Build.0 = Debug|Win32
		{E9A7F1BB-9AF2-4616-943D-548DCE3C005F}.Release|x64.ActiveCfg = Release|x64
		{E9A7F1BB-9AF2-4616-943D-548DCE3C005F}.Release|x64.Build.0 = Release|x64
		{E9A7F1BB-9AF2-4616-943D-548DCE3C005F}.Release|x86.ActiveCfg = Release|Win32
		{E9A7F1BB-9AF2-4616-943D-548DCE3C005F}.Release|x86.Build.0 = Release|Win32
		{1B7F5D08-4C09-4C7B-BFF3-A347499728D8}.Debug|x64.ActiveCfg = Debug|x64
		{1B7F5D08-4C09-4C7B-BFF3-A347499728D8}.Debug|x64.Build.0 = Debug|x64
		{1B7F5D08-4C09-4C7B-BFF3-A347499728D8}.Debug|x86.ActiveCfg = Debug|Win32
		{1B7F5D08-4C09-4C7B-BFF3-A347499728D8}.Debug|x86.Build.0 = Debug|Win32
		{1B7F5D08-4C09-4C7B-BFF3-A347499728D8}.Release|x64.ActiveCfg = Release|x64
		{1B7F5D08-4C09-4C7B-BFF3-A347499728D8}.Release|x64.Build.0 = Release|x64
		{1B7F5D08-4C09-4C7B-BFF3-A347499728D8}.Release|x86.ActiveCfg = Release|Win32
		{1B7F5D08-4C09-4C7B-BFF3-A347499728D8}.Release|x86.Build.0 = Release|Win32
		{9D0D6045-355D-4C73-BAC4-A3500A271254}.Debug|x64.ActiveCfg = Debug|x64
		{9D0D6045-355D-4C73-BAC4-A3500A271254}.Debug|x64.Build.0 = Debug|x64
		{9D0D6045-355D-4C73-BAC4-A3500A271254}.Debug|x86.ActiveCfg = Debug|Win32
		{9D0D6045-355D-4C73-BAC4-A3500A271254}.Debug|x86.Build.0 = Debug|Win32
		{9D0D6045-355D-4C73-BAC4-A3500A271254}.Release|x64.ActiveCfg = Release|x64
		{9D0D6045-355D-4C73-BAC4-A3500A271254}.Release|x64.Build.0 = Release|x64
		{9D0D6045-355D-4C73-BAC4-A3500A271254}.Release|x86.ActiveCfg = Release|Win32
		{9D0D6045-355D-4C73-BAC4-A3500A271254}.Release|x86.Build.0 = Release|Win32
		{B4857962-B802-4CAE-BFEA-2F91F72B0A17}.Debug|x64.ActiveCfg = Debug|x64
		{B4857962-B802-4CAE-BFEA-2F91F72B0A17}.Debug|x64.Build.0 = Debug|x64
		{B4857962-B802-4CAE-BFEA-2F91F72B0A17}.Debug|x86.ActiveCfg = Debug|Win32
		{B4857962-B802-4CAE-BFEA-2F91F72B0A17}.Debug|x86.Build.0 = Debug|Win32
		{B4857962-B802-4CAE-BFEA-2F91F72B0A17}.Release|x64.ActiveCfg = Release|x64
		{B4857962-B802-4CAE-BFEA-2F91F72B0A17}.Release|x64.Build.0 = Release|x64
		{B4857962-B802-4CAE-BFEA-2F91F72B0A17}.Release|x86.ActiveCfg = Release|Win32
		{B4857962-B802-4CAE-BFEA-2F91F72B0A17}.Release|x86.Build.0 = Release|Win32
		{508797FC-73C2-43BE-B912-A5E25D1B601B}.Debug|x64.ActiveCfg = Debug|x64
		{508797FC-73C2-43BE-B912-A5E25D1B601B}.Debug|x64.Build.0 = Debug|x64
		{508797FC-73C2-43BE-B912-A5E25D1B601B}.Debug|x86.ActiveCfg = Debug|Win32
		{508797FC-73C2-43BE-B912-A5E25D1B601B}.Debug|x86.Build.0 = Debug|Win32
		{508797FC-73C2-43BE-B912-A5E25D1B601B}.Release|x64.ActiveCfg = Release|x64
		{508797FC-73C2-43BE-B912-A5E25D1B601B}.Release|x64.Build.0 = Release|x64
		{508797FC-73C2-43BE-B912-A5E25D1B601B}.Release|x86.ActiveCfg = Release|Win32
		{508797FC-73C2-43BE-B912-A5E25D1B601B}.Release|x86.Build.0 = Release|Win32
		{263B9CA2-087D-47BA-8BA9-C87844803463}.Debug|x64.ActiveCfg = Debug|x64
		{263B9CA2-087D-47BA-8BA9-C87844803463}.Debug|x64.Build.0 = Debug|x64
		{263B9CA2-087D-47BA-8BA9-C87844803463}.Debug|x86.ActiveCfg = Debug|Win32
		{263B9CA2-087D-47BA-8BA9-C87844803463}.Debug|x86.Build.0 = Debug|Win32
		{263B9CA2-087D-47BA-8BA9-C87844803463}.Release|x64.ActiveCfg = Release|x64
		{263B9CA2-087D-47BA-8BA9-C87844803463}.Release|x64.Build.0 = Release|x64
		{263B9CA2-087D-47BA-8BA9-C87844803463}.Release|x86.ActiveCfg = Release|Win32
		{263B9CA2-087D-47BA-8BA9-C87844803463}.Release|x86.Build.0 = Release|Win32
		{8D7FE5A0-8FCB-496B-AF2B-6963841A8820}.Debug|x64.ActiveCfg = Debug|x64
		{8D7FE5A0-8FCB-496B-AF2B-6963841A8820}.Debug|x64.Build.0 = Debug|x64
		{8D7FE5A0-8FCB-496B-AF2B-6963841A8820}.Debug|x86.ActiveCfg = Debug|Win32
		{8D7FE5A0-8FCB-496B-AF2B-6963841A8820}.Debug|x86.Build.0 = Debug|Win32
		{8D7FE5A0-8FCB-496B-AF2B-6963841A8820}.Release|x64.ActiveCfg = Release|x64
		{8D7FE5A0-8FCB-496B-AF2B-6963841A8820}.Release|x64.Build.0 = Release|x64
		{8D7FE5A0-8FCB-496B-AF2B-6963841A8820}.Release|x86.ActiveCfg = Release|Win32
		{8D7FE5A0-8FCB-496B-AF2B-6963841A8820}.Release|x86.Build.0 = Release|Win32
		{9DB204E9-8694-4067-9C3F-3F65C821C99A}.Debug|x64.ActiveCfg = Debug|x64
		{9DB204E9-8694-4067-9C3F-3F65C821C99A}.Debug|x64.Build.0 = Debug|x64
		{9DB204E9-8694-4067-9C3F-3F65C821C99A}.Debug|x86.ActiveCfg = Debug|Win32
		{9DB204E9-8694-4067-9C3F-3F65C821C99A}.Debug|x86.Build.0 = Debug|Win32
		{9DB204E9-8694-4067-9C3F-3F65C821C99A}.Release|x64.ActiveCfg = Release|x64
		{9DB204E9-8694-4067-9C3F-3F65C821C99A}.Release|x64.Build.0 = Release|x64
		{9DB204E9-8694-4067-9C3F-3F65C821C99A}.Release|x86.ActiveCfg = Release|Win32
		{9DB204E9-8694-4067-9C3F-3F65C821C99A}.Release|x86.Build.0 = Release|Win32
	EndGlobalSection
	GlobalSection(SolutionProperties) = preSolution
		HideSolutionNode = FALSE
	EndGlobalSection
	GlobalSection(NestedProjects) = preSolution
		{8C2FA245-7574-4007-B6FA-698F202ADE74} = {DEA94737-EA81-41EA-841F-9A959A90F26B}
		{933FB78A-16DB-4A89-A4D7-7B6045723F9E} = {6F61B328-E151-49DA-A38F-4796B6E0B25F}
		{F49F0859-CEB8-484F-ADC4-996BE6E052A0} = {43065273-F74F-4529-A8FF-0DEA004ECDE7}
		{4A6AEE64-3E97-4567-AAC0-7935735AB1D2} = {E9EDD95A-89E9-4D5F-9EF3-774D9A1DE026}
		{00BE117A-5C49-4702-AD66-9FCC6DED22A8} = {43065273-F74F-4529-A8FF-0DEA004ECDE7}
		{EE51951E-B2F8-4D7F-843F-3B74B566522A} = {43065273-F74F-4529-A8FF-0DEA004ECDE7}
		{E0B52AE7-E160-4D32-BF3F-910B785E5A8E} = {AE34D983-CCFF-419E-9D32-821451C1ADFB}
		{A1EA67E6-8967-4DCA-9D1C-52B00C7084F8} = {E9EDD95A-89E9-4D5F-9EF3-774D9A1DE026}
		{3629F01A-6FED-42EB-B308-E9F7F1346EAF} = {43065273-F74F-4529-A8FF-0DEA004ECDE7}
		{07F06C74-A2F1-420D-B400-32D34A805743} = {AE34D983-CCFF-419E-9D32-821451C1ADFB}
		{F3CEE0F4-B858-4FB1-8A12-F91132ADF5D6} = {D9D8D486-0FA1-42F7-A71E-4951FF0C3538}
		{03F1705D-FACF-4DBF-809C-9653AFA30DAD} = {E9EDD95A-89E9-4D5F-9EF3-774D9A1DE026}
		{0A8E13FF-43CB-4DE4-9838-D376E875ABB1} = {E9EDD95A-89E9-4D5F-9EF3-774D9A1DE026}
		{FDB02273-CC4D-4937-BF3B-EA29FED323DF} = {E9EDD95A-89E9-4D5F-9EF3-774D9A1DE026}
		{52D656A2-A2F4-4C54-A3C7-653427BED1E8} = {AE34D983-CCFF-419E-9D32-821451C1ADFB}
		{B5BB35B5-EB36-4362-8657-4B6D57780D86} = {E9EDD95A-89E9-4D5F-9EF3-774D9A1DE026}
		{6ABA622B-96A6-4B34-B370-893F05A13DE5} = {E9EDD95A-89E9-4D5F-9EF3-774D9A1DE026}
		{C0C77285-A124-4C79-B9D3-F74A52D3321D} = {E9EDD95A-89E9-4D5F-9EF3-774D9A1DE026}
		{2890129B-3267-4093-84EE-73B3E812AFFD} = {9BCE20D1-8922-4477-8FAB-3AE145597ABF}
		{52ED3684-29F1-4B18-A29C-66A4C053678E} = {9BCE20D1-8922-4477-8FAB-3AE145597ABF}
		{BCD03808-CEE2-46F8-A94A-8D9740F0B059} = {FC969359-40D1-4D86-8778-E06D6F8016DA}
		{759F6104-8A65-4779-9C43-E57CB5AAEB84} = {9BCE20D1-8922-4477-8FAB-3AE145597ABF}
		{3834DDE4-8B0C-46F9-B2EF-AB5B8B92E844} = {9BCE20D1-8922-4477-8FAB-3AE145597ABF}
		{2423B8A1-2B6A-4A2A-A599-77E84C2FABC1} = {9BCE20D1-8922-4477-8FAB-3AE145597ABF}
		{FE71E9FD-AD5E-40C6-BFFA-E9EB24DF56D3} = {9BCE20D1-8922-4477-8FAB-3AE145597ABF}
		{39D5A932-F61B-4E32-9EF5-C39B6FF04C0B} = {9BCE20D1-8922-4477-8FAB-3AE145597ABF}
		{569D8E25-A646-4633-AB18-3C74ADA8BED8} = {9BCE20D1-8922-4477-8FAB-3AE145597ABF}
		{13993B4E-1664-4E1F-AF45-5A58E7C114FF} = {5E78E4FB-11D4-4802-8B3E-9B81C5F60FDA}
		{DFFCE9F2-1BF7-48DA-B0D7-81DF6E8A1B08} = {5E78E4FB-11D4-4802-8B3E-9B81C5F60FDA}
		{88702EF0-2B49-4486-9C92-E274F902FE2F} = {5E78E4FB-11D4-4802-8B3E-9B81C5F60FDA}
		{7622BC0C-383F-4E6F-9033-4A06882CEAA4} = {5E78E4FB-11D4-4802-8B3E-9B81C5F60FDA}
		{516192EB-788A-4FE7-B2B7-2EF9AC036B12} = {AE34D983-CCFF-419E-9D32-821451C1ADFB}
		{CC30B33E-62B2-49A2-9394-6FCA5A6FB5A9} = {43065273-F74F-4529-A8FF-0DEA004ECDE7}
		{14034D8F-0D7B-4BAC-9A38-9E442B8F744D} = {5E78E4FB-11D4-4802-8B3E-9B81C5F60FDA}
		{446EBA9A-2268-4F9A-B3A2-710BB9C67011} = {5E78E4FB-11D4-4802-8B3E-9B81C5F60FDA}
		{6B934580-70F1-4C7E-93FB-FCCBBCB0A46F} = {5E78E4FB-11D4-4802-8B3E-9B81C5F60FDA}
		{4F150A30-CECB-49D1-8283-6A3F57438CF5} = {AE34D983-CCFF-419E-9D32-821451C1ADFB}
		{E9A7F1BB-9AF2-4616-943D-548DCE3C005F} = {43065273-F74F-4529-A8FF-0DEA004ECDE7}
		{1B7F5D08-4C09-4C7B-BFF3-A347499728D8} = {5E78E4FB-11D4-4802-8B3E-9B81C5F60FDA}
		{9D0D6045-355D-4C73-BAC4-A3500A271254} = {5E78E4FB-11D4-4802-8B3E-9B81C5F60FDA}
		{B4857962-B802-4CAE-BFEA-2F91F72B0A17} = {01B2BDD4-EDEC-402D-8A7A-0AC68B3BA1AA}
		{508797FC-73C2-43BE-B912-A5E25D1B601B} = {45AC4FB9-E99A-44E3-B712-06550A9BD598}
		{263B9CA2-087D-47BA-8BA9-C87844803463} = {45AC4FB9-E99A-44E3-B712-06550A9BD598}
		{8D7FE5A0-8FCB-496B-AF2B-6963841A8820} = {01B2BDD4-EDEC-402D-8A7A-0AC68B3BA1AA}
		{8F5BDFC3-5B2C-455B-A765-0A5AC2848AEA} = {D9D8D486-0FA1-42F7-A71E-4951FF0C3538}
		{9DB204E9-8694-4067-9C3F-3F65C821C99A} = {01B2BDD4-EDEC-402D-8A7A-0AC68B3BA1AA}
	EndGlobalSection
	GlobalSection(ExtensibilityGlobals) = postSolution
		SolutionGuid = {19B1DB02-12F6-4B09-B23A-FB585D24135C}
	EndGlobalSection
EndGlobal
