<?xml version="1.0" encoding="utf-8"?>
<Project ToolsVersion="4.0" xmlns="http://schemas.microsoft.com/developer/msbuild/2003">
  <ItemGroup>
    <Filter Include="Inc">
      <UniqueIdentifier>{8fd07fba-c185-4b6a-ab2c-6b2b38e4f42f}</UniqueIdentifier>
    </Filter>
    <Filter Include="Src">
      <UniqueIdentifier>{90dbe515-ecaf-4da9-967c-af4d2d963fbd}</UniqueIdentifier>
    </Filter>
  </ItemGroup>
  <ItemGroup>
    <ClInclude Include="Src\Precompiled.h">
      <Filter>Src</Filter>
    </ClInclude>
    <ClInclude Include="Inc\Graphics.h">
      <Filter>Inc</Filter>
    </ClInclude>
    <ClInclude Include="Inc\Common.h">
      <Filter>Inc</Filter>
    </ClInclude>
    <ClInclude Include="Inc\Colours.h">
      <Filter>Inc</Filter>
    </ClInclude>
    <ClInclude Include="Inc\GraphicsSystem.h">
      <Filter>Inc</Filter>
    </ClInclude>
    <ClInclude Include="Inc\GraphicsSystem_D3D11.h">
      <Filter>Inc</Filter>
    </ClInclude>
  </ItemGroup>
  <ItemGroup>
    <ClCompile Include="Src\Precompiled.cpp">
      <Filter>Src</Filter>
    </ClCompile>
    <ClCompile Include="Src\GraphicsSystem_D3D11.cpp">
      <Filter>Src</Filter>
    </ClCompile>
  </ItemGroup>
</Project>